// !$*UTF8*$!
{
	archiveVersion = 1;
	classes = {
	};
	objectVersion = 52;
	objects = {

/* Begin PBXBuildFile section */
		DB07E26E24100CE600A86645 /* ItemTableViewCell.swift in Sources */ = {isa = PBXBuildFile; fileRef = DB07E26C24100CE600A86645 /* ItemTableViewCell.swift */; };
		DB07E26F24100CE600A86645 /* ItemTableViewCell.xib in Resources */ = {isa = PBXBuildFile; fileRef = DB07E26D24100CE600A86645 /* ItemTableViewCell.xib */; };
		DB0C8876242BD80C00AD4755 /* DropDown.framework in Frameworks */ = {isa = PBXBuildFile; fileRef = DB0C8875242BD80C00AD4755 /* DropDown.framework */; };
		DB0C8877242BD80C00AD4755 /* DropDown.framework in Embed Frameworks */ = {isa = PBXBuildFile; fileRef = DB0C8875242BD80C00AD4755 /* DropDown.framework */; settings = {ATTRIBUTES = (CodeSignOnCopy, RemoveHeadersOnCopy, ); }; };
		DB1BFD5C2416BA3E00197229 /* CategoryTableViewController.swift in Sources */ = {isa = PBXBuildFile; fileRef = DB1BFD5B2416BA3E00197229 /* CategoryTableViewController.swift */; };
		DB2E3B2E2448CDE90043DD7C /* CRUDModelCategory.swift in Sources */ = {isa = PBXBuildFile; fileRef = DB2E3B2D2448CDE90043DD7C /* CRUDModelCategory.swift */; };
		DB3B46ED2416B33800A79BB0 /* AddCategoryViewController.swift in Sources */ = {isa = PBXBuildFile; fileRef = DB3B46EC2416B33800A79BB0 /* AddCategoryViewController.swift */; };
		DB3F3009243B759D0021D09F /* CategoryStruct.swift in Sources */ = {isa = PBXBuildFile; fileRef = DB3F3008243B759D0021D09F /* CategoryStruct.swift */; };
		DB3F300E243B76E60021D09F /* ItemStruct.swift in Sources */ = {isa = PBXBuildFile; fileRef = DB3F300D243B76E60021D09F /* ItemStruct.swift */; };
		DB4A1330244B1E0800F7A266 /* CRUDModelItem.swift in Sources */ = {isa = PBXBuildFile; fileRef = DB4A132F244B1E0800F7A266 /* CRUDModelItem.swift */; };
		DB599B9524098D3B0065CA3D /* AppDelegate.swift in Sources */ = {isa = PBXBuildFile; fileRef = DB599B9424098D3B0065CA3D /* AppDelegate.swift */; };
		DB599B9A24098D3B0065CA3D /* Main.storyboard in Resources */ = {isa = PBXBuildFile; fileRef = DB599B9824098D3B0065CA3D /* Main.storyboard */; };
		DB599B9D24098D3B0065CA3D /* InternetShopKeeper.xcdatamodeld in Sources */ = {isa = PBXBuildFile; fileRef = DB599B9B24098D3B0065CA3D /* InternetShopKeeper.xcdatamodeld */; };
		DB599B9F24098D3B0065CA3D /* Assets.xcassets in Resources */ = {isa = PBXBuildFile; fileRef = DB599B9E24098D3B0065CA3D /* Assets.xcassets */; };
		DB599BA224098D3B0065CA3D /* LaunchScreen.storyboard in Resources */ = {isa = PBXBuildFile; fileRef = DB599BA024098D3B0065CA3D /* LaunchScreen.storyboard */; };
		DB599BAA24099F230065CA3D /* AddItemViewController.swift in Sources */ = {isa = PBXBuildFile; fileRef = DB599BA924099F230065CA3D /* AddItemViewController.swift */; };
		DB5C9DFA242A6BDE00E2CA86 /* StatisticViewController.swift in Sources */ = {isa = PBXBuildFile; fileRef = DB5C9DF9242A6BDE00E2CA86 /* StatisticViewController.swift */; };
		DB7098A4243E2E5D00AA4159 /* ModelFirstLaunch.swift in Sources */ = {isa = PBXBuildFile; fileRef = DB7098A3243E2E5D00AA4159 /* ModelFirstLaunch.swift */; };
		DB7098A6243E2F5300AA4159 /* FirstLaunchViewController.swift in Sources */ = {isa = PBXBuildFile; fileRef = DB7098A5243E2F5300AA4159 /* FirstLaunchViewController.swift */; };
		DB7098A8243E2FA000AA4159 /* FirstLaunchPageViewController.swift in Sources */ = {isa = PBXBuildFile; fileRef = DB7098A7243E2FA000AA4159 /* FirstLaunchPageViewController.swift */; };
		DB7098AA243E316B00AA4159 /* OnboardingViewController.swift in Sources */ = {isa = PBXBuildFile; fileRef = DB7098A9243E316B00AA4159 /* OnboardingViewController.swift */; };
		DB81E8442438CAEC0097E606 /* ToolsTableViewController.swift in Sources */ = {isa = PBXBuildFile; fileRef = DB81E8432438CAEC0097E606 /* ToolsTableViewController.swift */; };
		DB8AB462244C564100D5D9E9 /* SalesTableViewController.swift in Sources */ = {isa = PBXBuildFile; fileRef = DB8AB461244C564100D5D9E9 /* SalesTableViewController.swift */; };
		DBB58BDC244DE0D700662826 /* SalesTableViewCell.swift in Sources */ = {isa = PBXBuildFile; fileRef = DBB58BDA244DE0D700662826 /* SalesTableViewCell.swift */; };
		DBB58BDD244DE0D800662826 /* SalesTableViewCell.xib in Resources */ = {isa = PBXBuildFile; fileRef = DBB58BDB244DE0D700662826 /* SalesTableViewCell.xib */; };
		DBB58BE2244DEC8D00662826 /* SalesStruct.swift in Sources */ = {isa = PBXBuildFile; fileRef = DBB58BE1244DEC8D00662826 /* SalesStruct.swift */; };
		DBB58BE4244DECA700662826 /* CRUDModelSales.swift in Sources */ = {isa = PBXBuildFile; fileRef = DBB58BE3244DECA700662826 /* CRUDModelSales.swift */; };
		DBDC7E992409B345005E35CA /* ItemTableViewController.swift in Sources */ = {isa = PBXBuildFile; fileRef = DBDC7E982409B345005E35CA /* ItemTableViewController.swift */; };
		DBF45FF62444B0520045349E /* TabBarController.swift in Sources */ = {isa = PBXBuildFile; fileRef = DBF45FF52444B0520045349E /* TabBarController.swift */; };
		DBF45FFE2444B7870045349E /* Localizable.strings in Resources */ = {isa = PBXBuildFile; fileRef = DBF460002444B7870045349E /* Localizable.strings */; };
		DBF460032444B8020045349E /* String+Localized.swift in Sources */ = {isa = PBXBuildFile; fileRef = DBF460022444B8020045349E /* String+Localized.swift */; };
/* End PBXBuildFile section */

/* Begin PBXContainerItemProxy section */
		DBFAB63D24339C2C00108421 /* PBXContainerItemProxy */ = {
			isa = PBXContainerItemProxy;
			containerPortal = DBFAB63724339C2C00108421 /* DropDown.xcodeproj */;
			proxyType = 2;
			remoteGlobalIDString = 0A76440F1B676C2300BF1A2D;
			remoteInfo = Demo;
		};
		DBFAB63F24339C2C00108421 /* PBXContainerItemProxy */ = {
			isa = PBXContainerItemProxy;
			containerPortal = DBFAB63724339C2C00108421 /* DropDown.xcodeproj */;
			proxyType = 2;
			remoteGlobalIDString = 0A7644241B676C2300BF1A2D;
			remoteInfo = DropDownTests;
		};
		DBFAB64124339C2C00108421 /* PBXContainerItemProxy */ = {
			isa = PBXContainerItemProxy;
			containerPortal = DBFAB63724339C2C00108421 /* DropDown.xcodeproj */;
			proxyType = 2;
			remoteGlobalIDString = 0AB5D8711D0EEECD002D3A17;
			remoteInfo = DropDown;
		};
/* End PBXContainerItemProxy section */

/* Begin PBXCopyFilesBuildPhase section */
		DB0C8878242BD80C00AD4755 /* Embed Frameworks */ = {
			isa = PBXCopyFilesBuildPhase;
			buildActionMask = 2147483647;
			dstPath = "";
			dstSubfolderSpec = 10;
			files = (
				DB0C8877242BD80C00AD4755 /* DropDown.framework in Embed Frameworks */,
			);
			name = "Embed Frameworks";
			runOnlyForDeploymentPostprocessing = 0;
		};
/* End PBXCopyFilesBuildPhase section */

/* Begin PBXFileReference section */
		DB07E26C24100CE600A86645 /* ItemTableViewCell.swift */ = {isa = PBXFileReference; lastKnownFileType = sourcecode.swift; path = ItemTableViewCell.swift; sourceTree = "<group>"; };
		DB07E26D24100CE600A86645 /* ItemTableViewCell.xib */ = {isa = PBXFileReference; lastKnownFileType = file.xib; path = ItemTableViewCell.xib; sourceTree = "<group>"; };
		DB0C8875242BD80C00AD4755 /* DropDown.framework */ = {isa = PBXFileReference; explicitFileType = wrapper.framework; path = DropDown.framework; sourceTree = BUILT_PRODUCTS_DIR; };
		DB1BFD5B2416BA3E00197229 /* CategoryTableViewController.swift */ = {isa = PBXFileReference; lastKnownFileType = sourcecode.swift; path = CategoryTableViewController.swift; sourceTree = "<group>"; };
		DB2E3B2D2448CDE90043DD7C /* CRUDModelCategory.swift */ = {isa = PBXFileReference; lastKnownFileType = sourcecode.swift; path = CRUDModelCategory.swift; sourceTree = "<group>"; };
		DB3B46EC2416B33800A79BB0 /* AddCategoryViewController.swift */ = {isa = PBXFileReference; lastKnownFileType = sourcecode.swift; path = AddCategoryViewController.swift; sourceTree = "<group>"; };
		DB3F3008243B759D0021D09F /* CategoryStruct.swift */ = {isa = PBXFileReference; lastKnownFileType = sourcecode.swift; path = CategoryStruct.swift; sourceTree = "<group>"; };
		DB3F300D243B76E60021D09F /* ItemStruct.swift */ = {isa = PBXFileReference; lastKnownFileType = sourcecode.swift; path = ItemStruct.swift; sourceTree = "<group>"; };
		DB4A132F244B1E0800F7A266 /* CRUDModelItem.swift */ = {isa = PBXFileReference; lastKnownFileType = sourcecode.swift; path = CRUDModelItem.swift; sourceTree = "<group>"; };
		DB599B9124098D3B0065CA3D /* InternetShopKeeper.app */ = {isa = PBXFileReference; explicitFileType = wrapper.application; includeInIndex = 0; path = InternetShopKeeper.app; sourceTree = BUILT_PRODUCTS_DIR; };
		DB599B9424098D3B0065CA3D /* AppDelegate.swift */ = {isa = PBXFileReference; lastKnownFileType = sourcecode.swift; path = AppDelegate.swift; sourceTree = "<group>"; };
		DB599B9924098D3B0065CA3D /* Base */ = {isa = PBXFileReference; lastKnownFileType = file.storyboard; name = Base; path = Base.lproj/Main.storyboard; sourceTree = "<group>"; };
		DB599B9C24098D3B0065CA3D /* InternetShopKeeper.xcdatamodel */ = {isa = PBXFileReference; lastKnownFileType = wrapper.xcdatamodel; path = InternetShopKeeper.xcdatamodel; sourceTree = "<group>"; };
		DB599B9E24098D3B0065CA3D /* Assets.xcassets */ = {isa = PBXFileReference; lastKnownFileType = folder.assetcatalog; path = Assets.xcassets; sourceTree = "<group>"; };
		DB599BA124098D3B0065CA3D /* Base */ = {isa = PBXFileReference; lastKnownFileType = file.storyboard; name = Base; path = Base.lproj/LaunchScreen.storyboard; sourceTree = "<group>"; };
		DB599BA324098D3B0065CA3D /* Info.plist */ = {isa = PBXFileReference; lastKnownFileType = text.plist.xml; path = Info.plist; sourceTree = "<group>"; };
		DB599BA924099F230065CA3D /* AddItemViewController.swift */ = {isa = PBXFileReference; lastKnownFileType = sourcecode.swift; path = AddItemViewController.swift; sourceTree = "<group>"; };
		DB5C9DF9242A6BDE00E2CA86 /* StatisticViewController.swift */ = {isa = PBXFileReference; lastKnownFileType = sourcecode.swift; path = StatisticViewController.swift; sourceTree = "<group>"; };
		DB7098A3243E2E5D00AA4159 /* ModelFirstLaunch.swift */ = {isa = PBXFileReference; lastKnownFileType = sourcecode.swift; path = ModelFirstLaunch.swift; sourceTree = "<group>"; };
		DB7098A5243E2F5300AA4159 /* FirstLaunchViewController.swift */ = {isa = PBXFileReference; lastKnownFileType = sourcecode.swift; path = FirstLaunchViewController.swift; sourceTree = "<group>"; };
		DB7098A7243E2FA000AA4159 /* FirstLaunchPageViewController.swift */ = {isa = PBXFileReference; lastKnownFileType = sourcecode.swift; path = FirstLaunchPageViewController.swift; sourceTree = "<group>"; };
		DB7098A9243E316B00AA4159 /* OnboardingViewController.swift */ = {isa = PBXFileReference; lastKnownFileType = sourcecode.swift; path = OnboardingViewController.swift; sourceTree = "<group>"; };
		DB81E8432438CAEC0097E606 /* ToolsTableViewController.swift */ = {isa = PBXFileReference; lastKnownFileType = sourcecode.swift; path = ToolsTableViewController.swift; sourceTree = "<group>"; };
		DB8AB461244C564100D5D9E9 /* SalesTableViewController.swift */ = {isa = PBXFileReference; lastKnownFileType = sourcecode.swift; path = SalesTableViewController.swift; sourceTree = "<group>"; };
		DBB58BDA244DE0D700662826 /* SalesTableViewCell.swift */ = {isa = PBXFileReference; lastKnownFileType = sourcecode.swift; path = SalesTableViewCell.swift; sourceTree = "<group>"; };
		DBB58BDB244DE0D700662826 /* SalesTableViewCell.xib */ = {isa = PBXFileReference; lastKnownFileType = file.xib; path = SalesTableViewCell.xib; sourceTree = "<group>"; };
		DBB58BE1244DEC8D00662826 /* SalesStruct.swift */ = {isa = PBXFileReference; lastKnownFileType = sourcecode.swift; path = SalesStruct.swift; sourceTree = "<group>"; };
		DBB58BE3244DECA700662826 /* CRUDModelSales.swift */ = {isa = PBXFileReference; lastKnownFileType = sourcecode.swift; path = CRUDModelSales.swift; sourceTree = "<group>"; };
		DBDC7E982409B345005E35CA /* ItemTableViewController.swift */ = {isa = PBXFileReference; lastKnownFileType = sourcecode.swift; path = ItemTableViewController.swift; sourceTree = "<group>"; };
		DBF45FF52444B0520045349E /* TabBarController.swift */ = {isa = PBXFileReference; lastKnownFileType = sourcecode.swift; path = TabBarController.swift; sourceTree = "<group>"; };
		DBF45FFF2444B7870045349E /* en */ = {isa = PBXFileReference; lastKnownFileType = text.plist.strings; name = en; path = en.lproj/Localizable.strings; sourceTree = "<group>"; };
		DBF460012444B7B60045349E /* uk */ = {isa = PBXFileReference; lastKnownFileType = text.plist.strings; name = uk; path = uk.lproj/Localizable.strings; sourceTree = "<group>"; };
		DBF460022444B8020045349E /* String+Localized.swift */ = {isa = PBXFileReference; lastKnownFileType = sourcecode.swift; path = "String+Localized.swift"; sourceTree = "<group>"; };
		DBFAB63724339C2C00108421 /* DropDown.xcodeproj */ = {isa = PBXFileReference; lastKnownFileType = "wrapper.pb-project"; name = DropDown.xcodeproj; path = "DropDown-master/DropDown.xcodeproj"; sourceTree = "<group>"; };
/* End PBXFileReference section */

/* Begin PBXFrameworksBuildPhase section */
		DB599B8E24098D3A0065CA3D /* Frameworks */ = {
			isa = PBXFrameworksBuildPhase;
			buildActionMask = 2147483647;
			files = (
				DB0C8876242BD80C00AD4755 /* DropDown.framework in Frameworks */,
			);
			runOnlyForDeploymentPostprocessing = 0;
		};
/* End PBXFrameworksBuildPhase section */

/* Begin PBXGroup section */
		DB0C8874242BD80C00AD4755 /* Frameworks */ = {
			isa = PBXGroup;
			children = (
				DBFAB63724339C2C00108421 /* DropDown.xcodeproj */,
				DB0C8875242BD80C00AD4755 /* DropDown.framework */,
			);
			name = Frameworks;
			sourceTree = "<group>";
		};
		DB2E3B272448C8570043DD7C /*  ItemsViewController */ = {
			isa = PBXGroup;
			children = (
				DB599BA924099F230065CA3D /* AddItemViewController.swift */,
				DBDC7E982409B345005E35CA /* ItemTableViewController.swift */,
				DB07E26C24100CE600A86645 /* ItemTableViewCell.swift */,
				DB07E26D24100CE600A86645 /* ItemTableViewCell.xib */,
				DB3F300D243B76E60021D09F /* ItemStruct.swift */,
				DB4A132F244B1E0800F7A266 /* CRUDModelItem.swift */,
			);
			path = " ItemsViewController";
			sourceTree = "<group>";
		};
		DB2E3B282448CCEE0043DD7C /* CategoriesViewController */ = {
			isa = PBXGroup;
			children = (
				DB3B46EC2416B33800A79BB0 /* AddCategoryViewController.swift */,
				DB1BFD5B2416BA3E00197229 /* CategoryTableViewController.swift */,
				DB3F3008243B759D0021D09F /* CategoryStruct.swift */,
				DB2E3B2D2448CDE90043DD7C /* CRUDModelCategory.swift */,
			);
			path = CategoriesViewController;
			sourceTree = "<group>";
		};
		DB2E3B292448CD3E0043DD7C /* StatisticViewController */ = {
			isa = PBXGroup;
			children = (
				DB5C9DF9242A6BDE00E2CA86 /* StatisticViewController.swift */,
			);
			path = StatisticViewController;
			sourceTree = "<group>";
		};
		DB2E3B2A2448CD550043DD7C /* ToolsViewController */ = {
			isa = PBXGroup;
			children = (
				DB81E8432438CAEC0097E606 /* ToolsTableViewController.swift */,
			);
			path = ToolsViewController;
			sourceTree = "<group>";
		};
		DB2E3B2B2448CD6F0043DD7C /* OnboardingViewController */ = {
			isa = PBXGroup;
			children = (
				DB7098A9243E316B00AA4159 /* OnboardingViewController.swift */,
				DB7098A7243E2FA000AA4159 /* FirstLaunchPageViewController.swift */,
				DB7098A5243E2F5300AA4159 /* FirstLaunchViewController.swift */,
				DB7098A3243E2E5D00AA4159 /* ModelFirstLaunch.swift */,
			);
			path = OnboardingViewController;
			sourceTree = "<group>";
		};
		DB2E3B2C2448CD9A0043DD7C /* Localase */ = {
			isa = PBXGroup;
			children = (
				DBF460022444B8020045349E /* String+Localized.swift */,
				DBF460002444B7870045349E /* Localizable.strings */,
			);
			path = Localase;
			sourceTree = "<group>";
		};
		DB599B8824098D3A0065CA3D = {
			isa = PBXGroup;
			children = (
				DB599B9324098D3B0065CA3D /* InternetShopKeeper */,
				DB599B9224098D3B0065CA3D /* Products */,
				DB0C8874242BD80C00AD4755 /* Frameworks */,
			);
			sourceTree = "<group>";
		};
		DB599B9224098D3B0065CA3D /* Products */ = {
			isa = PBXGroup;
			children = (
				DB599B9124098D3B0065CA3D /* InternetShopKeeper.app */,
			);
			name = Products;
			sourceTree = "<group>";
		};
		DB599B9324098D3B0065CA3D /* InternetShopKeeper */ = {
			isa = PBXGroup;
			children = (
				DB599B9424098D3B0065CA3D /* AppDelegate.swift */,
				DBF45FF52444B0520045349E /* TabBarController.swift */,
				DB2E3B272448C8570043DD7C /*  ItemsViewController */,
				DB2E3B282448CCEE0043DD7C /* CategoriesViewController */,
				DB8AB45D244C560600D5D9E9 /* SalasViewController */,
				DB2E3B292448CD3E0043DD7C /* StatisticViewController */,
				DB2E3B2A2448CD550043DD7C /* ToolsViewController */,
				DB2E3B2B2448CD6F0043DD7C /* OnboardingViewController */,
				DB2E3B2C2448CD9A0043DD7C /* Localase */,
				DB599B9824098D3B0065CA3D /* Main.storyboard */,
				DB599B9E24098D3B0065CA3D /* Assets.xcassets */,
				DB599BA024098D3B0065CA3D /* LaunchScreen.storyboard */,
				DB599BA324098D3B0065CA3D /* Info.plist */,
				DB599B9B24098D3B0065CA3D /* InternetShopKeeper.xcdatamodeld */,
			);
			path = InternetShopKeeper;
			sourceTree = "<group>";
		};
		DB8AB45D244C560600D5D9E9 /* SalasViewController */ = {
			isa = PBXGroup;
			children = (
				DB8AB461244C564100D5D9E9 /* SalesTableViewController.swift */,
				DBB58BDA244DE0D700662826 /* SalesTableViewCell.swift */,
				DBB58BDB244DE0D700662826 /* SalesTableViewCell.xib */,
				DBB58BE1244DEC8D00662826 /* SalesStruct.swift */,
				DBB58BE3244DECA700662826 /* CRUDModelSales.swift */,
			);
			path = SalasViewController;
			sourceTree = "<group>";
		};
		DBFAB63824339C2C00108421 /* Products */ = {
			isa = PBXGroup;
			children = (
				DBFAB63E24339C2C00108421 /* Demo.app */,
				DBFAB64024339C2C00108421 /* DropDownTests.xctest */,
				DBFAB64224339C2C00108421 /* DropDown.framework */,
			);
			name = Products;
			sourceTree = "<group>";
		};
/* End PBXGroup section */

/* Begin PBXNativeTarget section */
		DB599B9024098D3A0065CA3D /* InternetShopKeeper */ = {
			isa = PBXNativeTarget;
			buildConfigurationList = DB599BA624098D3B0065CA3D /* Build configuration list for PBXNativeTarget "InternetShopKeeper" */;
			buildPhases = (
				DB599B8D24098D3A0065CA3D /* Sources */,
				DB599B8E24098D3A0065CA3D /* Frameworks */,
				DB599B8F24098D3A0065CA3D /* Resources */,
				DB0C8878242BD80C00AD4755 /* Embed Frameworks */,
			);
			buildRules = (
			);
			dependencies = (
			);
			name = InternetShopKeeper;
			productName = InternetShopKeeper;
			productReference = DB599B9124098D3B0065CA3D /* InternetShopKeeper.app */;
			productType = "com.apple.product-type.application";
		};
/* End PBXNativeTarget section */

/* Begin PBXProject section */
		DB599B8924098D3A0065CA3D /* Project object */ = {
			isa = PBXProject;
			attributes = {
				LastSwiftUpdateCheck = 0920;
				LastUpgradeCheck = 1130;
				ORGANIZATIONNAME = "Oleksandr Solokha";
				TargetAttributes = {
					DB599B9024098D3A0065CA3D = {
						CreatedOnToolsVersion = 9.2;
						ProvisioningStyle = Automatic;
					};
				};
			};
			buildConfigurationList = DB599B8C24098D3A0065CA3D /* Build configuration list for PBXProject "InternetShopKeeper" */;
			compatibilityVersion = "Xcode 11.0";
			developmentRegion = en;
			hasScannedForEncodings = 0;
			knownRegions = (
				en,
				Base,
				uk,
			);
			mainGroup = DB599B8824098D3A0065CA3D;
			productRefGroup = DB599B9224098D3B0065CA3D /* Products */;
			projectDirPath = "";
			projectReferences = (
				{
					ProductGroup = DBFAB63824339C2C00108421 /* Products */;
					ProjectRef = DBFAB63724339C2C00108421 /* DropDown.xcodeproj */;
				},
			);
			projectRoot = "";
			targets = (
				DB599B9024098D3A0065CA3D /* InternetShopKeeper */,
			);
		};
/* End PBXProject section */

/* Begin PBXReferenceProxy section */
		DBFAB63E24339C2C00108421 /* Demo.app */ = {
			isa = PBXReferenceProxy;
			fileType = wrapper.application;
			path = Demo.app;
			remoteRef = DBFAB63D24339C2C00108421 /* PBXContainerItemProxy */;
			sourceTree = BUILT_PRODUCTS_DIR;
		};
		DBFAB64024339C2C00108421 /* DropDownTests.xctest */ = {
			isa = PBXReferenceProxy;
			fileType = wrapper.cfbundle;
			path = DropDownTests.xctest;
			remoteRef = DBFAB63F24339C2C00108421 /* PBXContainerItemProxy */;
			sourceTree = BUILT_PRODUCTS_DIR;
		};
		DBFAB64224339C2C00108421 /* DropDown.framework */ = {
			isa = PBXReferenceProxy;
			fileType = wrapper.framework;
			path = DropDown.framework;
			remoteRef = DBFAB64124339C2C00108421 /* PBXContainerItemProxy */;
			sourceTree = BUILT_PRODUCTS_DIR;
		};
/* End PBXReferenceProxy section */

/* Begin PBXResourcesBuildPhase section */
		DB599B8F24098D3A0065CA3D /* Resources */ = {
			isa = PBXResourcesBuildPhase;
			buildActionMask = 2147483647;
			files = (
				DBF45FFE2444B7870045349E /* Localizable.strings in Resources */,
				DB07E26F24100CE600A86645 /* ItemTableViewCell.xib in Resources */,
				DBB58BDD244DE0D800662826 /* SalesTableViewCell.xib in Resources */,
				DB599BA224098D3B0065CA3D /* LaunchScreen.storyboard in Resources */,
				DB599B9F24098D3B0065CA3D /* Assets.xcassets in Resources */,
				DB599B9A24098D3B0065CA3D /* Main.storyboard in Resources */,
			);
			runOnlyForDeploymentPostprocessing = 0;
		};
/* End PBXResourcesBuildPhase section */

/* Begin PBXSourcesBuildPhase section */
		DB599B8D24098D3A0065CA3D /* Sources */ = {
			isa = PBXSourcesBuildPhase;
			buildActionMask = 2147483647;
			files = (
				DB7098A8243E2FA000AA4159 /* FirstLaunchPageViewController.swift in Sources */,
				DBF45FF62444B0520045349E /* TabBarController.swift in Sources */,
				DB7098A6243E2F5300AA4159 /* FirstLaunchViewController.swift in Sources */,
				DB81E8442438CAEC0097E606 /* ToolsTableViewController.swift in Sources */,
				DB07E26E24100CE600A86645 /* ItemTableViewCell.swift in Sources */,
				DBB58BE2244DEC8D00662826 /* SalesStruct.swift in Sources */,
				DB3F3009243B759D0021D09F /* CategoryStruct.swift in Sources */,
				DBDC7E992409B345005E35CA /* ItemTableViewController.swift in Sources */,
				DB1BFD5C2416BA3E00197229 /* CategoryTableViewController.swift in Sources */,
				DB599BAA24099F230065CA3D /* AddItemViewController.swift in Sources */,
				DB599B9524098D3B0065CA3D /* AppDelegate.swift in Sources */,
				DBB58BDC244DE0D700662826 /* SalesTableViewCell.swift in Sources */,
				DBB58BE4244DECA700662826 /* CRUDModelSales.swift in Sources */,
				DB4A1330244B1E0800F7A266 /* CRUDModelItem.swift in Sources */,
				DB3B46ED2416B33800A79BB0 /* AddCategoryViewController.swift in Sources */,
				DBF460032444B8020045349E /* String+Localized.swift in Sources */,
				DB7098A4243E2E5D00AA4159 /* ModelFirstLaunch.swift in Sources */,
				DB7098AA243E316B00AA4159 /* OnboardingViewController.swift in Sources */,
				DB3F300E243B76E60021D09F /* ItemStruct.swift in Sources */,
				DB8AB462244C564100D5D9E9 /* SalesTableViewController.swift in Sources */,
				DB5C9DFA242A6BDE00E2CA86 /* StatisticViewController.swift in Sources */,
				DB599B9D24098D3B0065CA3D /* InternetShopKeeper.xcdatamodeld in Sources */,
				DB2E3B2E2448CDE90043DD7C /* CRUDModelCategory.swift in Sources */,
			);
			runOnlyForDeploymentPostprocessing = 0;
		};
/* End PBXSourcesBuildPhase section */

/* Begin PBXVariantGroup section */
		DB599B9824098D3B0065CA3D /* Main.storyboard */ = {
			isa = PBXVariantGroup;
			children = (
				DB599B9924098D3B0065CA3D /* Base */,
			);
			name = Main.storyboard;
			sourceTree = "<group>";
		};
		DB599BA024098D3B0065CA3D /* LaunchScreen.storyboard */ = {
			isa = PBXVariantGroup;
			children = (
				DB599BA124098D3B0065CA3D /* Base */,
			);
			name = LaunchScreen.storyboard;
			sourceTree = "<group>";
		};
		DBF460002444B7870045349E /* Localizable.strings */ = {
			isa = PBXVariantGroup;
			children = (
				DBF45FFF2444B7870045349E /* en */,
				DBF460012444B7B60045349E /* uk */,
			);
			name = Localizable.strings;
			sourceTree = "<group>";
		};
/* End PBXVariantGroup section */

/* Begin XCBuildConfiguration section */
		DB599BA424098D3B0065CA3D /* Debug */ = {
			isa = XCBuildConfiguration;
			buildSettings = {
				ALWAYS_SEARCH_USER_PATHS = NO;
				CLANG_ANALYZER_LOCALIZABILITY_NONLOCALIZED = YES;
				CLANG_ANALYZER_NONNULL = YES;
				CLANG_ANALYZER_NUMBER_OBJECT_CONVERSION = YES_AGGRESSIVE;
				CLANG_CXX_LANGUAGE_STANDARD = "gnu++14";
				CLANG_CXX_LIBRARY = "libc++";
				CLANG_ENABLE_MODULES = YES;
				CLANG_ENABLE_OBJC_ARC = YES;
				CLANG_WARN_BLOCK_CAPTURE_AUTORELEASING = YES;
				CLANG_WARN_BOOL_CONVERSION = YES;
				CLANG_WARN_COMMA = YES;
				CLANG_WARN_CONSTANT_CONVERSION = YES;
				CLANG_WARN_DEPRECATED_OBJC_IMPLEMENTATIONS = YES;
				CLANG_WARN_DIRECT_OBJC_ISA_USAGE = YES_ERROR;
				CLANG_WARN_DOCUMENTATION_COMMENTS = YES;
				CLANG_WARN_EMPTY_BODY = YES;
				CLANG_WARN_ENUM_CONVERSION = YES;
				CLANG_WARN_INFINITE_RECURSION = YES;
				CLANG_WARN_INT_CONVERSION = YES;
				CLANG_WARN_NON_LITERAL_NULL_CONVERSION = YES;
				CLANG_WARN_OBJC_IMPLICIT_RETAIN_SELF = YES;
				CLANG_WARN_OBJC_LITERAL_CONVERSION = YES;
				CLANG_WARN_OBJC_ROOT_CLASS = YES_ERROR;
				CLANG_WARN_RANGE_LOOP_ANALYSIS = YES;
				CLANG_WARN_STRICT_PROTOTYPES = YES;
				CLANG_WARN_SUSPICIOUS_MOVE = YES;
				CLANG_WARN_UNGUARDED_AVAILABILITY = YES_AGGRESSIVE;
				CLANG_WARN_UNREACHABLE_CODE = YES;
				CLANG_WARN__DUPLICATE_METHOD_MATCH = YES;
				CODE_SIGN_IDENTITY = "iPhone Developer";
				COPY_PHASE_STRIP = NO;
				DEBUG_INFORMATION_FORMAT = dwarf;
				ENABLE_STRICT_OBJC_MSGSEND = YES;
				ENABLE_TESTABILITY = YES;
				GCC_C_LANGUAGE_STANDARD = gnu11;
				GCC_DYNAMIC_NO_PIC = NO;
				GCC_NO_COMMON_BLOCKS = YES;
				GCC_OPTIMIZATION_LEVEL = 0;
				GCC_PREPROCESSOR_DEFINITIONS = (
					"DEBUG=1",
					"$(inherited)",
				);
				GCC_WARN_64_TO_32_BIT_CONVERSION = YES;
				GCC_WARN_ABOUT_RETURN_TYPE = YES_ERROR;
				GCC_WARN_UNDECLARED_SELECTOR = YES;
				GCC_WARN_UNINITIALIZED_AUTOS = YES_AGGRESSIVE;
				GCC_WARN_UNUSED_FUNCTION = YES;
				GCC_WARN_UNUSED_VARIABLE = YES;
				IPHONEOS_DEPLOYMENT_TARGET = 11.2;
				MTL_ENABLE_DEBUG_INFO = YES;
				ONLY_ACTIVE_ARCH = YES;
				SDKROOT = iphoneos;
				SWIFT_ACTIVE_COMPILATION_CONDITIONS = DEBUG;
				SWIFT_OPTIMIZATION_LEVEL = "-Onone";
			};
			name = Debug;
		};
		DB599BA524098D3B0065CA3D /* Release */ = {
			isa = XCBuildConfiguration;
			buildSettings = {
				ALWAYS_SEARCH_USER_PATHS = NO;
				CLANG_ANALYZER_LOCALIZABILITY_NONLOCALIZED = YES;
				CLANG_ANALYZER_NONNULL = YES;
				CLANG_ANALYZER_NUMBER_OBJECT_CONVERSION = YES_AGGRESSIVE;
				CLANG_CXX_LANGUAGE_STANDARD = "gnu++14";
				CLANG_CXX_LIBRARY = "libc++";
				CLANG_ENABLE_MODULES = YES;
				CLANG_ENABLE_OBJC_ARC = YES;
				CLANG_WARN_BLOCK_CAPTURE_AUTORELEASING = YES;
				CLANG_WARN_BOOL_CONVERSION = YES;
				CLANG_WARN_COMMA = YES;
				CLANG_WARN_CONSTANT_CONVERSION = YES;
				CLANG_WARN_DEPRECATED_OBJC_IMPLEMENTATIONS = YES;
				CLANG_WARN_DIRECT_OBJC_ISA_USAGE = YES_ERROR;
				CLANG_WARN_DOCUMENTATION_COMMENTS = YES;
				CLANG_WARN_EMPTY_BODY = YES;
				CLANG_WARN_ENUM_CONVERSION = YES;
				CLANG_WARN_INFINITE_RECURSION = YES;
				CLANG_WARN_INT_CONVERSION = YES;
				CLANG_WARN_NON_LITERAL_NULL_CONVERSION = YES;
				CLANG_WARN_OBJC_IMPLICIT_RETAIN_SELF = YES;
				CLANG_WARN_OBJC_LITERAL_CONVERSION = YES;
				CLANG_WARN_OBJC_ROOT_CLASS = YES_ERROR;
				CLANG_WARN_RANGE_LOOP_ANALYSIS = YES;
				CLANG_WARN_STRICT_PROTOTYPES = YES;
				CLANG_WARN_SUSPICIOUS_MOVE = YES;
				CLANG_WARN_UNGUARDED_AVAILABILITY = YES_AGGRESSIVE;
				CLANG_WARN_UNREACHABLE_CODE = YES;
				CLANG_WARN__DUPLICATE_METHOD_MATCH = YES;
				CODE_SIGN_IDENTITY = "iPhone Developer";
				COPY_PHASE_STRIP = NO;
				DEBUG_INFORMATION_FORMAT = "dwarf-with-dsym";
				ENABLE_NS_ASSERTIONS = NO;
				ENABLE_STRICT_OBJC_MSGSEND = YES;
				GCC_C_LANGUAGE_STANDARD = gnu11;
				GCC_NO_COMMON_BLOCKS = YES;
				GCC_WARN_64_TO_32_BIT_CONVERSION = YES;
				GCC_WARN_ABOUT_RETURN_TYPE = YES_ERROR;
				GCC_WARN_UNDECLARED_SELECTOR = YES;
				GCC_WARN_UNINITIALIZED_AUTOS = YES_AGGRESSIVE;
				GCC_WARN_UNUSED_FUNCTION = YES;
				GCC_WARN_UNUSED_VARIABLE = YES;
				IPHONEOS_DEPLOYMENT_TARGET = 11.2;
				MTL_ENABLE_DEBUG_INFO = NO;
				SDKROOT = iphoneos;
				SWIFT_COMPILATION_MODE = wholemodule;
				SWIFT_OPTIMIZATION_LEVEL = "-O";
				VALIDATE_PRODUCT = YES;
			};
			name = Release;
		};
		DB599BA724098D3B0065CA3D /* Debug */ = {
			isa = XCBuildConfiguration;
			buildSettings = {
				ASSETCATALOG_COMPILER_APPICON_NAME = AppIcon;
				CODE_SIGN_STYLE = Automatic;
				DEVELOPMENT_TEAM = X8NNCQ3HW6;
				INFOPLIST_FILE = InternetShopKeeper/Info.plist;
				IPHONEOS_DEPLOYMENT_TARGET = 13.2;
				LD_RUNPATH_SEARCH_PATHS = (
					"$(inherited)",
					"@executable_path/Frameworks",
				);
				PRODUCT_BUNDLE_IDENTIFIER = OleksandrSolokha.InternetShopKeeper;
				PRODUCT_NAME = "$(TARGET_NAME)";
				SWIFT_VERSION = 5.0;
				TARGETED_DEVICE_FAMILY = 1;
			};
			name = Debug;
		};
		DB599BA824098D3B0065CA3D /* Release */ = {
			isa = XCBuildConfiguration;
			buildSettings = {
				ASSETCATALOG_COMPILER_APPICON_NAME = AppIcon;
				CODE_SIGN_STYLE = Automatic;
				DEVELOPMENT_TEAM = X8NNCQ3HW6;
				INFOPLIST_FILE = InternetShopKeeper/Info.plist;
				IPHONEOS_DEPLOYMENT_TARGET = 13.2;
				LD_RUNPATH_SEARCH_PATHS = (
					"$(inherited)",
					"@executable_path/Frameworks",
				);
				PRODUCT_BUNDLE_IDENTIFIER = OleksandrSolokha.InternetShopKeeper;
				PRODUCT_NAME = "$(TARGET_NAME)";
				SWIFT_VERSION = 5.0;
				TARGETED_DEVICE_FAMILY = 1;
			};
			name = Release;
		};
/* End XCBuildConfiguration section */

/* Begin XCConfigurationList section */
		DB599B8C24098D3A0065CA3D /* Build configuration list for PBXProject "InternetShopKeeper" */ = {
			isa = XCConfigurationList;
			buildConfigurations = (
				DB599BA424098D3B0065CA3D /* Debug */,
				DB599BA524098D3B0065CA3D /* Release */,
			);
			defaultConfigurationIsVisible = 0;
			defaultConfigurationName = Release;
		};
		DB599BA624098D3B0065CA3D /* Build configuration list for PBXNativeTarget "InternetShopKeeper" */ = {
			isa = XCConfigurationList;
			buildConfigurations = (
				DB599BA724098D3B0065CA3D /* Debug */,
				DB599BA824098D3B0065CA3D /* Release */,
			);
			defaultConfigurationIsVisible = 0;
			defaultConfigurationName = Release;
		};
/* End XCConfigurationList section */

/* Begin XCVersionGroup section */
		DB599B9B24098D3B0065CA3D /* InternetShopKeeper.xcdatamodeld */ = {
			isa = XCVersionGroup;
			children = (
				DB599B9C24098D3B0065CA3D /* InternetShopKeeper.xcdatamodel */,
			);
			currentVersion = DB599B9C24098D3B0065CA3D /* InternetShopKeeper.xcdatamodel */;
			path = InternetShopKeeper.xcdatamodeld;
			sourceTree = "<group>";
			versionGroupType = wrapper.xcdatamodel;
		};
/* End XCVersionGroup section */
	};
	rootObject = DB599B8924098D3A0065CA3D /* Project object */;
}
