// !$*UTF8*$!
{
	archiveVersion = 1;
	classes = {
	};
	objectVersion = 52;
	objects = {

/* Begin PBXBuildFile section */
		DB07E26E24100CE600A86645 /* ItemTableViewCell.swift in Sources */ = {isa = PBXBuildFile; fileRef = DB07E26C24100CE600A86645 /* ItemTableViewCell.swift */; };
		DB07E26F24100CE600A86645 /* ItemTableViewCell.xib in Resources */ = {isa = PBXBuildFile; fileRef = DB07E26D24100CE600A86645 /* ItemTableViewCell.xib */; };
		DB1BFD5C2416BA3E00197229 /* CategoryTableViewController.swift in Sources */ = {isa = PBXBuildFile; fileRef = DB1BFD5B2416BA3E00197229 /* CategoryTableViewController.swift */; };
		DB3B46ED2416B33800A79BB0 /* AddCategoryViewController.swift in Sources */ = {isa = PBXBuildFile; fileRef = DB3B46EC2416B33800A79BB0 /* AddCategoryViewController.swift */; };
		DB599B9524098D3B0065CA3D /* AppDelegate.swift in Sources */ = {isa = PBXBuildFile; fileRef = DB599B9424098D3B0065CA3D /* AppDelegate.swift */; };
		DB599B9A24098D3B0065CA3D /* Main.storyboard in Resources */ = {isa = PBXBuildFile; fileRef = DB599B9824098D3B0065CA3D /* Main.storyboard */; };
		DB599B9D24098D3B0065CA3D /* InternetShopKeeper.xcdatamodeld in Sources */ = {isa = PBXBuildFile; fileRef = DB599B9B24098D3B0065CA3D /* InternetShopKeeper.xcdatamodeld */; };
		DB599B9F24098D3B0065CA3D /* Assets.xcassets in Resources */ = {isa = PBXBuildFile; fileRef = DB599B9E24098D3B0065CA3D /* Assets.xcassets */; };
		DB599BA224098D3B0065CA3D /* LaunchScreen.storyboard in Resources */ = {isa = PBXBuildFile; fileRef = DB599BA024098D3B0065CA3D /* LaunchScreen.storyboard */; };
		DB599BAA24099F230065CA3D /* AddItemViewController.swift in Sources */ = {isa = PBXBuildFile; fileRef = DB599BA924099F230065CA3D /* AddItemViewController.swift */; };
		DB5C9DFA242A6BDE00E2CA86 /* StatisticViewController.swift in Sources */ = {isa = PBXBuildFile; fileRef = DB5C9DF9242A6BDE00E2CA86 /* StatisticViewController.swift */; };
		DB7EBD15241FFCA300234A9E /* SearchTableViewController.swift in Sources */ = {isa = PBXBuildFile; fileRef = DB7EBD14241FFCA300234A9E /* SearchTableViewController.swift */; };
		DBDC7E992409B345005E35CA /* ItemTableViewController.swift in Sources */ = {isa = PBXBuildFile; fileRef = DBDC7E982409B345005E35CA /* ItemTableViewController.swift */; };
/* End PBXBuildFile section */

/* Begin PBXFileReference section */
		DB07E26C24100CE600A86645 /* ItemTableViewCell.swift */ = {isa = PBXFileReference; lastKnownFileType = sourcecode.swift; path = ItemTableViewCell.swift; sourceTree = "<group>"; };
		DB07E26D24100CE600A86645 /* ItemTableViewCell.xib */ = {isa = PBXFileReference; lastKnownFileType = file.xib; path = ItemTableViewCell.xib; sourceTree = "<group>"; };
		DB1BFD5B2416BA3E00197229 /* CategoryTableViewController.swift */ = {isa = PBXFileReference; lastKnownFileType = sourcecode.swift; path = CategoryTableViewController.swift; sourceTree = "<group>"; };
		DB3B46EC2416B33800A79BB0 /* AddCategoryViewController.swift */ = {isa = PBXFileReference; lastKnownFileType = sourcecode.swift; path = AddCategoryViewController.swift; sourceTree = "<group>"; };
		DB599B9124098D3B0065CA3D /* InternetShopKeeper.app */ = {isa = PBXFileReference; explicitFileType = wrapper.application; includeInIndex = 0; path = InternetShopKeeper.app; sourceTree = BUILT_PRODUCTS_DIR; };
		DB599B9424098D3B0065CA3D /* AppDelegate.swift */ = {isa = PBXFileReference; lastKnownFileType = sourcecode.swift; path = AppDelegate.swift; sourceTree = "<group>"; };
		DB599B9924098D3B0065CA3D /* Base */ = {isa = PBXFileReference; lastKnownFileType = file.storyboard; name = Base; path = Base.lproj/Main.storyboard; sourceTree = "<group>"; };
		DB599B9C24098D3B0065CA3D /* InternetShopKeeper.xcdatamodel */ = {isa = PBXFileReference; lastKnownFileType = wrapper.xcdatamodel; path = InternetShopKeeper.xcdatamodel; sourceTree = "<group>"; };
		DB599B9E24098D3B0065CA3D /* Assets.xcassets */ = {isa = PBXFileReference; lastKnownFileType = folder.assetcatalog; path = Assets.xcassets; sourceTree = "<group>"; };
		DB599BA124098D3B0065CA3D /* Base */ = {isa = PBXFileReference; lastKnownFileType = file.storyboard; name = Base; path = Base.lproj/LaunchScreen.storyboard; sourceTree = "<group>"; };
		DB599BA324098D3B0065CA3D /* Info.plist */ = {isa = PBXFileReference; lastKnownFileType = text.plist.xml; path = Info.plist; sourceTree = "<group>"; };
		DB599BA924099F230065CA3D /* AddItemViewController.swift */ = {isa = PBXFileReference; lastKnownFileType = sourcecode.swift; path = AddItemViewController.swift; sourceTree = "<group>"; };
		DB5C9DF9242A6BDE00E2CA86 /* StatisticViewController.swift */ = {isa = PBXFileReference; lastKnownFileType = sourcecode.swift; path = StatisticViewController.swift; sourceTree = "<group>"; };
		DB7EBD14241FFCA300234A9E /* SearchTableViewController.swift */ = {isa = PBXFileReference; lastKnownFileType = sourcecode.swift; path = SearchTableViewController.swift; sourceTree = "<group>"; };
		DBDC7E982409B345005E35CA /* ItemTableViewController.swift */ = {isa = PBXFileReference; lastKnownFileType = sourcecode.swift; path = ItemTableViewController.swift; sourceTree = "<group>"; };
/* End PBXFileReference section */

/* Begin PBXFrameworksBuildPhase section */
		DB599B8E24098D3A0065CA3D /* Frameworks */ = {
			isa = PBXFrameworksBuildPhase;
			buildActionMask = 2147483647;
			files = (
			);
			runOnlyForDeploymentPostprocessing = 0;
		};
/* End PBXFrameworksBuildPhase section */

/* Begin PBXGroup section */
		DB599B8824098D3A0065CA3D = {
			isa = PBXGroup;
			children = (
				DB599B9324098D3B0065CA3D /* InternetShopKeeper */,
				DB599B9224098D3B0065CA3D /* Products */,
			);
			sourceTree = "<group>";
		};
		DB599B9224098D3B0065CA3D /* Products */ = {
			isa = PBXGroup;
			children = (
				DB599B9124098D3B0065CA3D /* InternetShopKeeper.app */,
			);
			name = Products;
			sourceTree = "<group>";
		};
		DB599B9324098D3B0065CA3D /* InternetShopKeeper */ = {
			isa = PBXGroup;
			children = (
				DB599B9424098D3B0065CA3D /* AppDelegate.swift */,
				DB599BA924099F230065CA3D /* AddItemViewController.swift */,
				DBDC7E982409B345005E35CA /* ItemTableViewController.swift */,
				DB3B46EC2416B33800A79BB0 /* AddCategoryViewController.swift */,
				DB1BFD5B2416BA3E00197229 /* CategoryTableViewController.swift */,
				DB07E26C24100CE600A86645 /* ItemTableViewCell.swift */,
				DB07E26D24100CE600A86645 /* ItemTableViewCell.xib */,
				DB7EBD14241FFCA300234A9E /* SearchTableViewController.swift */,
				DB5C9DF9242A6BDE00E2CA86 /* StatisticViewController.swift */,
				DB599B9824098D3B0065CA3D /* Main.storyboard */,
				DB599B9E24098D3B0065CA3D /* Assets.xcassets */,
				DB599BA024098D3B0065CA3D /* LaunchScreen.storyboard */,
				DB599BA324098D3B0065CA3D /* Info.plist */,
				DB599B9B24098D3B0065CA3D /* InternetShopKeeper.xcdatamodeld */,
			);
			path = InternetShopKeeper;
			sourceTree = "<group>";
		};
/* End PBXGroup section */

/* Begin PBXNativeTarget section */
		DB599B9024098D3A0065CA3D /* InternetShopKeeper */ = {
			isa = PBXNativeTarget;
			buildConfigurationList = DB599BA624098D3B0065CA3D /* Build configuration list for PBXNativeTarget "InternetShopKeeper" */;
			buildPhases = (
				DB599B8D24098D3A0065CA3D /* Sources */,
				DB599B8E24098D3A0065CA3D /* Frameworks */,
				DB599B8F24098D3A0065CA3D /* Resources */,
			);
			buildRules = (
			);
			dependencies = (
			);
			name = InternetShopKeeper;
			productName = InternetShopKeeper;
			productReference = DB599B9124098D3B0065CA3D /* InternetShopKeeper.app */;
			productType = "com.apple.product-type.application";
		};
/* End PBXNativeTarget section */

/* Begin PBXProject section */
		DB599B8924098D3A0065CA3D /* Project object */ = {
			isa = PBXProject;
			attributes = {
				LastSwiftUpdateCheck = 0920;
				LastUpgradeCheck = 1130;
				ORGANIZATIONNAME = "Oleksandr Solokha";
				TargetAttributes = {
					DB599B9024098D3A0065CA3D = {
						CreatedOnToolsVersion = 9.2;
						ProvisioningStyle = Automatic;
					};
				};
			};
			buildConfigurationList = DB599B8C24098D3A0065CA3D /* Build configuration list for PBXProject "InternetShopKeeper" */;
			compatibilityVersion = "Xcode 11.0";
			developmentRegion = en;
			hasScannedForEncodings = 0;
			knownRegions = (
				en,
				Base,
			);
			mainGroup = DB599B8824098D3A0065CA3D;
			productRefGroup = DB599B9224098D3B0065CA3D /* Products */;
			projectDirPath = "";
			projectRoot = "";
			targets = (
				DB599B9024098D3A0065CA3D /* InternetShopKeeper */,
			);
		};
/* End PBXProject section */

/* Begin PBXResourcesBuildPhase section */
		DB599B8F24098D3A0065CA3D /* Resources */ = {
			isa = PBXResourcesBuildPhase;
			buildActionMask = 2147483647;
			files = (
				DB07E26F24100CE600A86645 /* ItemTableViewCell.xib in Resources */,
				DB599BA224098D3B0065CA3D /* LaunchScreen.storyboard in Resources */,
				DB599B9F24098D3B0065CA3D /* Assets.xcassets in Resources */,
				DB599B9A24098D3B0065CA3D /* Main.storyboard in Resources */,
			);
			runOnlyForDeploymentPostprocessing = 0;
		};
/* End PBXResourcesBuildPhase section */

/* Begin PBXSourcesBuildPhase section */
		DB599B8D24098D3A0065CA3D /* Sources */ = {
			isa = PBXSourcesBuildPhase;
			buildActionMask = 2147483647;
			files = (
				DB07E26E24100CE600A86645 /* ItemTableViewCell.swift in Sources */,
				DBDC7E992409B345005E35CA /* ItemTableViewController.swift in Sources */,
				DB1BFD5C2416BA3E00197229 /* CategoryTableViewController.swift in Sources */,
				DB599BAA24099F230065CA3D /* AddItemViewController.swift in Sources */,
				DB599B9524098D3B0065CA3D /* AppDelegate.swift in Sources */,
				DB3B46ED2416B33800A79BB0 /* AddCategoryViewController.swift in Sources */,
				DB5C9DFA242A6BDE00E2CA86 /* StatisticViewController.swift in Sources */,
				DB599B9D24098D3B0065CA3D /* InternetShopKeeper.xcdatamodeld in Sources */,
				DB7EBD15241FFCA300234A9E /* SearchTableViewController.swift in Sources */,
			);
			runOnlyForDeploymentPostprocessing = 0;
		};
/* End PBXSourcesBuildPhase section */

/* Begin PBXVariantGroup section */
		DB599B9824098D3B0065CA3D /* Main.storyboard */ = {
			isa = PBXVariantGroup;
			children = (
				DB599B9924098D3B0065CA3D /* Base */,
			);
			name = Main.storyboard;
			sourceTree = "<group>";
		};
		DB599BA024098D3B0065CA3D /* LaunchScreen.storyboard */ = {
			isa = PBXVariantGroup;
			children = (
				DB599BA124098D3B0065CA3D /* Base */,
			);
			name = LaunchScreen.storyboard;
			sourceTree = "<group>";
		};
/* End PBXVariantGroup section */

/* Begin XCBuildConfiguration section */
		DB599BA424098D3B0065CA3D /* Debug */ = {
			isa = XCBuildConfiguration;
			buildSettings = {
				ALWAYS_SEARCH_USER_PATHS = NO;
				CLANG_ANALYZER_NONNULL = YES;
				CLANG_ANALYZER_NUMBER_OBJECT_CONVERSION = YES_AGGRESSIVE;
				CLANG_CXX_LANGUAGE_STANDARD = "gnu++14";
				CLANG_CXX_LIBRARY = "libc++";
				CLANG_ENABLE_MODULES = YES;
				CLANG_ENABLE_OBJC_ARC = YES;
				CLANG_WARN_BLOCK_CAPTURE_AUTORELEASING = YES;
				CLANG_WARN_BOOL_CONVERSION = YES;
				CLANG_WARN_COMMA = YES;
				CLANG_WARN_CONSTANT_CONVERSION = YES;
				CLANG_WARN_DEPRECATED_OBJC_IMPLEMENTATIONS = YES;
				CLANG_WARN_DIRECT_OBJC_ISA_USAGE = YES_ERROR;
				CLANG_WARN_DOCUMENTATION_COMMENTS = YES;
				CLANG_WARN_EMPTY_BODY = YES;
				CLANG_WARN_ENUM_CONVERSION = YES;
				CLANG_WARN_INFINITE_RECURSION = YES;
				CLANG_WARN_INT_CONVERSION = YES;
				CLANG_WARN_NON_LITERAL_NULL_CONVERSION = YES;
				CLANG_WARN_OBJC_IMPLICIT_RETAIN_SELF = YES;
				CLANG_WARN_OBJC_LITERAL_CONVERSION = YES;
				CLANG_WARN_OBJC_ROOT_CLASS = YES_ERROR;
				CLANG_WARN_RANGE_LOOP_ANALYSIS = YES;
				CLANG_WARN_STRICT_PROTOTYPES = YES;
				CLANG_WARN_SUSPICIOUS_MOVE = YES;
				CLANG_WARN_UNGUARDED_AVAILABILITY = YES_AGGRESSIVE;
				CLANG_WARN_UNREACHABLE_CODE = YES;
				CLANG_WARN__DUPLICATE_METHOD_MATCH = YES;
				CODE_SIGN_IDENTITY = "iPhone Developer";
				COPY_PHASE_STRIP = NO;
				DEBUG_INFORMATION_FORMAT = dwarf;
				ENABLE_STRICT_OBJC_MSGSEND = YES;
				ENABLE_TESTABILITY = YES;
				GCC_C_LANGUAGE_STANDARD = gnu11;
				GCC_DYNAMIC_NO_PIC = NO;
				GCC_NO_COMMON_BLOCKS = YES;
				GCC_OPTIMIZATION_LEVEL = 0;
				GCC_PREPROCESSOR_DEFINITIONS = (
					"DEBUG=1",
					"$(inherited)",
				);
				GCC_WARN_64_TO_32_BIT_CONVERSION = YES;
				GCC_WARN_ABOUT_RETURN_TYPE = YES_ERROR;
				GCC_WARN_UNDECLARED_SELECTOR = YES;
				GCC_WARN_UNINITIALIZED_AUTOS = YES_AGGRESSIVE;
				GCC_WARN_UNUSED_FUNCTION = YES;
				GCC_WARN_UNUSED_VARIABLE = YES;
				IPHONEOS_DEPLOYMENT_TARGET = 11.2;
				MTL_ENABLE_DEBUG_INFO = YES;
				ONLY_ACTIVE_ARCH = YES;
				SDKROOT = iphoneos;
				SWIFT_ACTIVE_COMPILATION_CONDITIONS = DEBUG;
				SWIFT_OPTIMIZATION_LEVEL = "-Onone";
			};
			name = Debug;
		};
		DB599BA524098D3B0065CA3D /* Release */ = {
			isa = XCBuildConfiguration;
			buildSettings = {
				ALWAYS_SEARCH_USER_PATHS = NO;
				CLANG_ANALYZER_NONNULL = YES;
				CLANG_ANALYZER_NUMBER_OBJECT_CONVERSION = YES_AGGRESSIVE;
				CLANG_CXX_LANGUAGE_STANDARD = "gnu++14";
				CLANG_CXX_LIBRARY = "libc++";
				CLANG_ENABLE_MODULES = YES;
				CLANG_ENABLE_OBJC_ARC = YES;
				CLANG_WARN_BLOCK_CAPTURE_AUTORELEASING = YES;
				CLANG_WARN_BOOL_CONVERSION = YES;
				CLANG_WARN_COMMA = YES;
				CLANG_WARN_CONSTANT_CONVERSION = YES;
				CLANG_WARN_DEPRECATED_OBJC_IMPLEMENTATIONS = YES;
				CLANG_WARN_DIRECT_OBJC_ISA_USAGE = YES_ERROR;
				CLANG_WARN_DOCUMENTATION_COMMENTS = YES;
				CLANG_WARN_EMPTY_BODY = YES;
				CLANG_WARN_ENUM_CONVERSION = YES;
				CLANG_WARN_INFINITE_RECURSION = YES;
				CLANG_WARN_INT_CONVERSION = YES;
				CLANG_WARN_NON_LITERAL_NULL_CONVERSION = YES;
				CLANG_WARN_OBJC_IMPLICIT_RETAIN_SELF = YES;
				CLANG_WARN_OBJC_LITERAL_CONVERSION = YES;
				CLANG_WARN_OBJC_ROOT_CLASS = YES_ERROR;
				CLANG_WARN_RANGE_LOOP_ANALYSIS = YES;
				CLANG_WARN_STRICT_PROTOTYPES = YES;
				CLANG_WARN_SUSPICIOUS_MOVE = YES;
				CLANG_WARN_UNGUARDED_AVAILABILITY = YES_AGGRESSIVE;
				CLANG_WARN_UNREACHABLE_CODE = YES;
				CLANG_WARN__DUPLICATE_METHOD_MATCH = YES;
				CODE_SIGN_IDENTITY = "iPhone Developer";
				COPY_PHASE_STRIP = NO;
				DEBUG_INFORMATION_FORMAT = "dwarf-with-dsym";
				ENABLE_NS_ASSERTIONS = NO;
				ENABLE_STRICT_OBJC_MSGSEND = YES;
				GCC_C_LANGUAGE_STANDARD = gnu11;
				GCC_NO_COMMON_BLOCKS = YES;
				GCC_WARN_64_TO_32_BIT_CONVERSION = YES;
				GCC_WARN_ABOUT_RETURN_TYPE = YES_ERROR;
				GCC_WARN_UNDECLARED_SELECTOR = YES;
				GCC_WARN_UNINITIALIZED_AUTOS = YES_AGGRESSIVE;
				GCC_WARN_UNUSED_FUNCTION = YES;
				GCC_WARN_UNUSED_VARIABLE = YES;
				IPHONEOS_DEPLOYMENT_TARGET = 11.2;
				MTL_ENABLE_DEBUG_INFO = NO;
				SDKROOT = iphoneos;
				SWIFT_COMPILATION_MODE = wholemodule;
				SWIFT_OPTIMIZATION_LEVEL = "-O";
				VALIDATE_PRODUCT = YES;
			};
			name = Release;
		};
		DB599BA724098D3B0065CA3D /* Debug */ = {
			isa = XCBuildConfiguration;
			buildSettings = {
				ASSETCATALOG_COMPILER_APPICON_NAME = AppIcon;
				CODE_SIGN_STYLE = Automatic;
				DEVELOPMENT_TEAM = X8NNCQ3HW6;
				INFOPLIST_FILE = InternetShopKeeper/Info.plist;
				IPHONEOS_DEPLOYMENT_TARGET = 13.2;
				LD_RUNPATH_SEARCH_PATHS = (
					"$(inherited)",
					"@executable_path/Frameworks",
				);
				PRODUCT_BUNDLE_IDENTIFIER = OleksandrSolokha.InternetShopKeeper;
				PRODUCT_NAME = "$(TARGET_NAME)";
				SWIFT_VERSION = 5.0;
				TARGETED_DEVICE_FAMILY = "1,2";
			};
			name = Debug;
		};
		DB599BA824098D3B0065CA3D /* Release */ = {
			isa = XCBuildConfiguration;
			buildSettings = {
				ASSETCATALOG_COMPILER_APPICON_NAME = AppIcon;
				CODE_SIGN_STYLE = Automatic;
				DEVELOPMENT_TEAM = X8NNCQ3HW6;
				INFOPLIST_FILE = InternetShopKeeper/Info.plist;
				IPHONEOS_DEPLOYMENT_TARGET = 13.2;
				LD_RUNPATH_SEARCH_PATHS = (
					"$(inherited)",
					"@executable_path/Frameworks",
				);
				PRODUCT_BUNDLE_IDENTIFIER = OleksandrSolokha.InternetShopKeeper;
				PRODUCT_NAME = "$(TARGET_NAME)";
				SWIFT_VERSION = 5.0;
				TARGETED_DEVICE_FAMILY = "1,2";
			};
			name = Release;
		};
/* End XCBuildConfiguration section */

/* Begin XCConfigurationList section */
		DB599B8C24098D3A0065CA3D /* Build configuration list for PBXProject "InternetShopKeeper" */ = {
			isa = XCConfigurationList;
			buildConfigurations = (
				DB599BA424098D3B0065CA3D /* Debug */,
				DB599BA524098D3B0065CA3D /* Release */,
			);
			defaultConfigurationIsVisible = 0;
			defaultConfigurationName = Release;
		};
		DB599BA624098D3B0065CA3D /* Build configuration list for PBXNativeTarget "InternetShopKeeper" */ = {
			isa = XCConfigurationList;
			buildConfigurations = (
				DB599BA724098D3B0065CA3D /* Debug */,
				DB599BA824098D3B0065CA3D /* Release */,
			);
			defaultConfigurationIsVisible = 0;
			defaultConfigurationName = Release;
		};
/* End XCConfigurationList section */

/* Begin XCVersionGroup section */
		DB599B9B24098D3B0065CA3D /* InternetShopKeeper.xcdatamodeld */ = {
			isa = XCVersionGroup;
			children = (
				DB599B9C24098D3B0065CA3D /* InternetShopKeeper.xcdatamodel */,
			);
			currentVersion = DB599B9C24098D3B0065CA3D /* InternetShopKeeper.xcdatamodel */;
			path = InternetShopKeeper.xcdatamodeld;
			sourceTree = "<group>";
			versionGroupType = wrapper.xcdatamodel;
		};
/* End XCVersionGroup section */
	};
	rootObject = DB599B8924098D3A0065CA3D /* Project object */;
}
