// !$*UTF8*$!
{
	archiveVersion = 1;
	classes = {
	};
	objectVersion = 52;
	objects = {

/* Begin PBXBuildFile section */
		A583A41087430E04CAF99FAF /* Pods_InternetShopKeeper.framework in Frameworks */ = {isa = PBXBuildFile; fileRef = B473DBD0A566C101D482389E /* Pods_InternetShopKeeper.framework */; };
		DB06C6EB2611B82F0055AC57 /* ProfitViewController.swift in Sources */ = {isa = PBXBuildFile; fileRef = DB06C6EA2611B82F0055AC57 /* ProfitViewController.swift */; };
		DB07E26E24100CE600A86645 /* ItemTableViewCell.swift in Sources */ = {isa = PBXBuildFile; fileRef = DB07E26C24100CE600A86645 /* ItemTableViewCell.swift */; };
		DB07E26F24100CE600A86645 /* ItemTableViewCell.xib in Resources */ = {isa = PBXBuildFile; fileRef = DB07E26D24100CE600A86645 /* ItemTableViewCell.xib */; };
		DB1BFD5C2416BA3E00197229 /* CategoryTableViewController.swift in Sources */ = {isa = PBXBuildFile; fileRef = DB1BFD5B2416BA3E00197229 /* CategoryTableViewController.swift */; };
		DB2B12352470336C003E213C /* SalesViewController.swift in Sources */ = {isa = PBXBuildFile; fileRef = DB2B12342470336C003E213C /* SalesViewController.swift */; };
		DB2DA6AB247C06E7006D2073 /* CRUDModelAppColor.swift in Sources */ = {isa = PBXBuildFile; fileRef = DB2DA6AA247C06E7006D2073 /* CRUDModelAppColor.swift */; };
		DB2E3B2E2448CDE90043DD7C /* CRUDModelCategory.swift in Sources */ = {isa = PBXBuildFile; fileRef = DB2E3B2D2448CDE90043DD7C /* CRUDModelCategory.swift */; };
		DB3B46ED2416B33800A79BB0 /* AddCategoryViewController.swift in Sources */ = {isa = PBXBuildFile; fileRef = DB3B46EC2416B33800A79BB0 /* AddCategoryViewController.swift */; };
		DB3F3009243B759D0021D09F /* CategoryStruct.swift in Sources */ = {isa = PBXBuildFile; fileRef = DB3F3008243B759D0021D09F /* CategoryStruct.swift */; };
		DB3F300E243B76E60021D09F /* ItemStruct.swift in Sources */ = {isa = PBXBuildFile; fileRef = DB3F300D243B76E60021D09F /* ItemStruct.swift */; };
		DB4A1330244B1E0800F7A266 /* CRUDModelItem.swift in Sources */ = {isa = PBXBuildFile; fileRef = DB4A132F244B1E0800F7A266 /* CRUDModelItem.swift */; };
		DB599B9524098D3B0065CA3D /* AppDelegate.swift in Sources */ = {isa = PBXBuildFile; fileRef = DB599B9424098D3B0065CA3D /* AppDelegate.swift */; };
		DB599B9A24098D3B0065CA3D /* Main.storyboard in Resources */ = {isa = PBXBuildFile; fileRef = DB599B9824098D3B0065CA3D /* Main.storyboard */; };
		DB599B9D24098D3B0065CA3D /* InternetShopKeeper.xcdatamodeld in Sources */ = {isa = PBXBuildFile; fileRef = DB599B9B24098D3B0065CA3D /* InternetShopKeeper.xcdatamodeld */; };
		DB599B9F24098D3B0065CA3D /* Assets.xcassets in Resources */ = {isa = PBXBuildFile; fileRef = DB599B9E24098D3B0065CA3D /* Assets.xcassets */; };
		DB599BA224098D3B0065CA3D /* LaunchScreen.storyboard in Resources */ = {isa = PBXBuildFile; fileRef = DB599BA024098D3B0065CA3D /* LaunchScreen.storyboard */; };
		DB599BAA24099F230065CA3D /* AddItemViewController.swift in Sources */ = {isa = PBXBuildFile; fileRef = DB599BA924099F230065CA3D /* AddItemViewController.swift */; };
		DB7098A4243E2E5D00AA4159 /* ModelFirstLaunch.swift in Sources */ = {isa = PBXBuildFile; fileRef = DB7098A3243E2E5D00AA4159 /* ModelFirstLaunch.swift */; };
		DB7098A6243E2F5300AA4159 /* FirstLaunchViewController.swift in Sources */ = {isa = PBXBuildFile; fileRef = DB7098A5243E2F5300AA4159 /* FirstLaunchViewController.swift */; };
		DB7098A8243E2FA000AA4159 /* FirstLaunchPageViewController.swift in Sources */ = {isa = PBXBuildFile; fileRef = DB7098A7243E2FA000AA4159 /* FirstLaunchPageViewController.swift */; };
		DB7098AA243E316B00AA4159 /* OnboardingViewController.swift in Sources */ = {isa = PBXBuildFile; fileRef = DB7098A9243E316B00AA4159 /* OnboardingViewController.swift */; };
		DB81E8442438CAEC0097E606 /* ToolsTableViewController.swift in Sources */ = {isa = PBXBuildFile; fileRef = DB81E8432438CAEC0097E606 /* ToolsTableViewController.swift */; };
		DB8AB462244C564100D5D9E9 /* SalesTableViewController.swift in Sources */ = {isa = PBXBuildFile; fileRef = DB8AB461244C564100D5D9E9 /* SalesTableViewController.swift */; };
		DB934516245743A400867D72 /* StatisticTableViewController.swift in Sources */ = {isa = PBXBuildFile; fileRef = DB934515245743A400867D72 /* StatisticTableViewController.swift */; };
		DBAFB6F8246C54C50009C1B1 /* CostsViewController.swift in Sources */ = {isa = PBXBuildFile; fileRef = DBAFB6F7246C54C50009C1B1 /* CostsViewController.swift */; };
		DBAFB707246C67E50009C1B1 /* AAInfographicsDemo.app in Resources */ = {isa = PBXBuildFile; fileRef = DBAFB702246C67C30009C1B1 /* AAInfographicsDemo.app */; };
		DBB58BDC244DE0D700662826 /* SalesTableViewCell.swift in Sources */ = {isa = PBXBuildFile; fileRef = DBB58BDA244DE0D700662826 /* SalesTableViewCell.swift */; };
		DBB58BDD244DE0D800662826 /* SalesTableViewCell.xib in Resources */ = {isa = PBXBuildFile; fileRef = DBB58BDB244DE0D700662826 /* SalesTableViewCell.xib */; };
		DBB58BE2244DEC8D00662826 /* SalesStruct.swift in Sources */ = {isa = PBXBuildFile; fileRef = DBB58BE1244DEC8D00662826 /* SalesStruct.swift */; };
		DBB58BE4244DECA700662826 /* CRUDModelSales.swift in Sources */ = {isa = PBXBuildFile; fileRef = DBB58BE3244DECA700662826 /* CRUDModelSales.swift */; };
		DBDC7E992409B345005E35CA /* ItemTableViewController.swift in Sources */ = {isa = PBXBuildFile; fileRef = DBDC7E982409B345005E35CA /* ItemTableViewController.swift */; };
		DBEF553F2476CA350078826D /* ColorAppTableViewCell.swift in Sources */ = {isa = PBXBuildFile; fileRef = DBEF553D2476CA350078826D /* ColorAppTableViewCell.swift */; };
		DBEF55402476CA350078826D /* ColorAppTableViewCell.xib in Resources */ = {isa = PBXBuildFile; fileRef = DBEF553E2476CA350078826D /* ColorAppTableViewCell.xib */; };
		DBF45FF62444B0520045349E /* TabBarController.swift in Sources */ = {isa = PBXBuildFile; fileRef = DBF45FF52444B0520045349E /* TabBarController.swift */; };
		DBF45FFE2444B7870045349E /* Localizable.strings in Resources */ = {isa = PBXBuildFile; fileRef = DBF460002444B7870045349E /* Localizable.strings */; };
		DBF460032444B8020045349E /* String+Localized.swift in Sources */ = {isa = PBXBuildFile; fileRef = DBF460022444B8020045349E /* String+Localized.swift */; };
		DBFD8511261CDA0F00FDA7AD /* ItemCosts.swift in Sources */ = {isa = PBXBuildFile; fileRef = DBFD8510261CDA0F00FDA7AD /* ItemCosts.swift */; };
		DBFD8517261EC15300FDA7AD /* CRUD.swift in Sources */ = {isa = PBXBuildFile; fileRef = DBFD8516261EC15300FDA7AD /* CRUD.swift */; };
/* End PBXBuildFile section */

/* Begin PBXContainerItemProxy section */
		DBAFB701246C67C30009C1B1 /* PBXContainerItemProxy */ = {
			isa = PBXContainerItemProxy;
			containerPortal = DBAFB6FB246C67C30009C1B1 /* AAInfographicsDemo.xcodeproj */;
			proxyType = 2;
			remoteGlobalIDString = 278C54AE1EE9472300770B97;
			remoteInfo = AAInfographicsDemo;
		};
		DBAFB703246C67C30009C1B1 /* PBXContainerItemProxy */ = {
			isa = PBXContainerItemProxy;
			containerPortal = DBAFB6FB246C67C30009C1B1 /* AAInfographicsDemo.xcodeproj */;
			proxyType = 2;
			remoteGlobalIDString = 278C54C21EE9472300770B97;
			remoteInfo = AAInfographicsDemoTests;
		};
		DBAFB705246C67C30009C1B1 /* PBXContainerItemProxy */ = {
			isa = PBXContainerItemProxy;
			containerPortal = DBAFB6FB246C67C30009C1B1 /* AAInfographicsDemo.xcodeproj */;
			proxyType = 2;
			remoteGlobalIDString = 278C54CD1EE9472300770B97;
			remoteInfo = AAInfographicsDemoUITests;
		};
		DBFAB63D24339C2C00108421 /* PBXContainerItemProxy */ = {
			isa = PBXContainerItemProxy;
			containerPortal = DBFAB63724339C2C00108421 /* DropDown.xcodeproj */;
			proxyType = 2;
			remoteGlobalIDString = 0A76440F1B676C2300BF1A2D;
			remoteInfo = Demo;
		};
		DBFAB63F24339C2C00108421 /* PBXContainerItemProxy */ = {
			isa = PBXContainerItemProxy;
			containerPortal = DBFAB63724339C2C00108421 /* DropDown.xcodeproj */;
			proxyType = 2;
			remoteGlobalIDString = 0A7644241B676C2300BF1A2D;
			remoteInfo = DropDownTests;
		};
		DBFAB64124339C2C00108421 /* PBXContainerItemProxy */ = {
			isa = PBXContainerItemProxy;
			containerPortal = DBFAB63724339C2C00108421 /* DropDown.xcodeproj */;
			proxyType = 2;
			remoteGlobalIDString = 0AB5D8711D0EEECD002D3A17;
			remoteInfo = DropDown;
		};
/* End PBXContainerItemProxy section */

/* Begin PBXFileReference section */
		B2C0982B72AF1F8E05390CA5 /* Pods-InternetShopKeeper.release.xcconfig */ = {isa = PBXFileReference; includeInIndex = 1; lastKnownFileType = text.xcconfig; name = "Pods-InternetShopKeeper.release.xcconfig"; path = "Target Support Files/Pods-InternetShopKeeper/Pods-InternetShopKeeper.release.xcconfig"; sourceTree = "<group>"; };
		B473DBD0A566C101D482389E /* Pods_InternetShopKeeper.framework */ = {isa = PBXFileReference; explicitFileType = wrapper.framework; includeInIndex = 0; path = Pods_InternetShopKeeper.framework; sourceTree = BUILT_PRODUCTS_DIR; };
		DB06C6EA2611B82F0055AC57 /* ProfitViewController.swift */ = {isa = PBXFileReference; lastKnownFileType = sourcecode.swift; path = ProfitViewController.swift; sourceTree = "<group>"; };
		DB07E26C24100CE600A86645 /* ItemTableViewCell.swift */ = {isa = PBXFileReference; lastKnownFileType = sourcecode.swift; path = ItemTableViewCell.swift; sourceTree = "<group>"; };
		DB07E26D24100CE600A86645 /* ItemTableViewCell.xib */ = {isa = PBXFileReference; lastKnownFileType = file.xib; path = ItemTableViewCell.xib; sourceTree = "<group>"; };
		DB0C8875242BD80C00AD4755 /* DropDown.framework */ = {isa = PBXFileReference; explicitFileType = wrapper.framework; path = DropDown.framework; sourceTree = BUILT_PRODUCTS_DIR; };
		DB1BFD5B2416BA3E00197229 /* CategoryTableViewController.swift */ = {isa = PBXFileReference; lastKnownFileType = sourcecode.swift; path = CategoryTableViewController.swift; sourceTree = "<group>"; };
		DB2B12342470336C003E213C /* SalesViewController.swift */ = {isa = PBXFileReference; lastKnownFileType = sourcecode.swift; path = SalesViewController.swift; sourceTree = "<group>"; };
		DB2DA6AA247C06E7006D2073 /* CRUDModelAppColor.swift */ = {isa = PBXFileReference; lastKnownFileType = sourcecode.swift; path = CRUDModelAppColor.swift; sourceTree = "<group>"; };
		DB2E3B2D2448CDE90043DD7C /* CRUDModelCategory.swift */ = {isa = PBXFileReference; lastKnownFileType = sourcecode.swift; path = CRUDModelCategory.swift; sourceTree = "<group>"; };
		DB3B46EC2416B33800A79BB0 /* AddCategoryViewController.swift */ = {isa = PBXFileReference; lastKnownFileType = sourcecode.swift; path = AddCategoryViewController.swift; sourceTree = "<group>"; };
		DB3F3008243B759D0021D09F /* CategoryStruct.swift */ = {isa = PBXFileReference; lastKnownFileType = sourcecode.swift; path = CategoryStruct.swift; sourceTree = "<group>"; };
		DB3F300D243B76E60021D09F /* ItemStruct.swift */ = {isa = PBXFileReference; lastKnownFileType = sourcecode.swift; path = ItemStruct.swift; sourceTree = "<group>"; };
		DB4A132F244B1E0800F7A266 /* CRUDModelItem.swift */ = {isa = PBXFileReference; lastKnownFileType = sourcecode.swift; path = CRUDModelItem.swift; sourceTree = "<group>"; };
		DB599B9124098D3B0065CA3D /* InternetShopKeeper.app */ = {isa = PBXFileReference; explicitFileType = wrapper.application; includeInIndex = 0; path = InternetShopKeeper.app; sourceTree = BUILT_PRODUCTS_DIR; };
		DB599B9424098D3B0065CA3D /* AppDelegate.swift */ = {isa = PBXFileReference; lastKnownFileType = sourcecode.swift; path = AppDelegate.swift; sourceTree = "<group>"; };
		DB599B9924098D3B0065CA3D /* Base */ = {isa = PBXFileReference; lastKnownFileType = file.storyboard; name = Base; path = Base.lproj/Main.storyboard; sourceTree = "<group>"; };
		DB599B9C24098D3B0065CA3D /* InternetShopKeeper.xcdatamodel */ = {isa = PBXFileReference; lastKnownFileType = wrapper.xcdatamodel; path = InternetShopKeeper.xcdatamodel; sourceTree = "<group>"; };
		DB599B9E24098D3B0065CA3D /* Assets.xcassets */ = {isa = PBXFileReference; lastKnownFileType = folder.assetcatalog; path = Assets.xcassets; sourceTree = "<group>"; };
		DB599BA124098D3B0065CA3D /* Base */ = {isa = PBXFileReference; lastKnownFileType = file.storyboard; name = Base; path = Base.lproj/LaunchScreen.storyboard; sourceTree = "<group>"; };
		DB599BA324098D3B0065CA3D /* Info.plist */ = {isa = PBXFileReference; lastKnownFileType = text.plist.xml; path = Info.plist; sourceTree = "<group>"; };
		DB599BA924099F230065CA3D /* AddItemViewController.swift */ = {isa = PBXFileReference; lastKnownFileType = sourcecode.swift; path = AddItemViewController.swift; sourceTree = "<group>"; };
		DB7098A3243E2E5D00AA4159 /* ModelFirstLaunch.swift */ = {isa = PBXFileReference; lastKnownFileType = sourcecode.swift; path = ModelFirstLaunch.swift; sourceTree = "<group>"; };
		DB7098A5243E2F5300AA4159 /* FirstLaunchViewController.swift */ = {isa = PBXFileReference; lastKnownFileType = sourcecode.swift; path = FirstLaunchViewController.swift; sourceTree = "<group>"; };
		DB7098A7243E2FA000AA4159 /* FirstLaunchPageViewController.swift */ = {isa = PBXFileReference; lastKnownFileType = sourcecode.swift; path = FirstLaunchPageViewController.swift; sourceTree = "<group>"; };
		DB7098A9243E316B00AA4159 /* OnboardingViewController.swift */ = {isa = PBXFileReference; lastKnownFileType = sourcecode.swift; path = OnboardingViewController.swift; sourceTree = "<group>"; };
		DB81E8432438CAEC0097E606 /* ToolsTableViewController.swift */ = {isa = PBXFileReference; lastKnownFileType = sourcecode.swift; path = ToolsTableViewController.swift; sourceTree = "<group>"; };
		DB8AB461244C564100D5D9E9 /* SalesTableViewController.swift */ = {isa = PBXFileReference; lastKnownFileType = sourcecode.swift; path = SalesTableViewController.swift; sourceTree = "<group>"; };
		DB934515245743A400867D72 /* StatisticTableViewController.swift */ = {isa = PBXFileReference; lastKnownFileType = sourcecode.swift; path = StatisticTableViewController.swift; sourceTree = "<group>"; };
		DBAFB6F7246C54C50009C1B1 /* CostsViewController.swift */ = {isa = PBXFileReference; lastKnownFileType = sourcecode.swift; path = CostsViewController.swift; sourceTree = "<group>"; };
		DBAFB6F9246C66EC0009C1B1 /* AAInfographicsDemo */ = {isa = PBXFileReference; lastKnownFileType = folder; path = AAInfographicsDemo; sourceTree = "<group>"; };
		DBAFB6FA246C67750009C1B1 /* AAInfographicsDemo.entitlements */ = {isa = PBXFileReference; lastKnownFileType = text.plist.entitlements; name = AAInfographicsDemo.entitlements; path = AAInfographicsDemo/AAInfographicsDemo.entitlements; sourceTree = "<group>"; };
		DBAFB6FB246C67C30009C1B1 /* AAInfographicsDemo.xcodeproj */ = {isa = PBXFileReference; lastKnownFileType = "wrapper.pb-project"; name = AAInfographicsDemo.xcodeproj; path = "AAChartKit-Swift-master/AAInfographicsDemo.xcodeproj"; sourceTree = "<group>"; };
		DBB58BDA244DE0D700662826 /* SalesTableViewCell.swift */ = {isa = PBXFileReference; lastKnownFileType = sourcecode.swift; path = SalesTableViewCell.swift; sourceTree = "<group>"; };
		DBB58BDB244DE0D700662826 /* SalesTableViewCell.xib */ = {isa = PBXFileReference; lastKnownFileType = file.xib; path = SalesTableViewCell.xib; sourceTree = "<group>"; };
		DBB58BE1244DEC8D00662826 /* SalesStruct.swift */ = {isa = PBXFileReference; lastKnownFileType = sourcecode.swift; path = SalesStruct.swift; sourceTree = "<group>"; };
		DBB58BE3244DECA700662826 /* CRUDModelSales.swift */ = {isa = PBXFileReference; lastKnownFileType = sourcecode.swift; path = CRUDModelSales.swift; sourceTree = "<group>"; };
		DBC933842611E422005F2052 /* DropDown.framework */ = {isa = PBXFileReference; explicitFileType = wrapper.framework; path = DropDown.framework; sourceTree = BUILT_PRODUCTS_DIR; };
		DBC933882611E428005F2052 /* AAInfographics.framework */ = {isa = PBXFileReference; explicitFileType = wrapper.framework; path = AAInfographics.framework; sourceTree = BUILT_PRODUCTS_DIR; };
		DBD9F3E0260E3F5200D9741A /* AAInfographics.framework */ = {isa = PBXFileReference; explicitFileType = wrapper.framework; path = AAInfographics.framework; sourceTree = BUILT_PRODUCTS_DIR; };
		DBD9F3E3260E3F6100D9741A /* DropDown.framework */ = {isa = PBXFileReference; explicitFileType = wrapper.framework; path = DropDown.framework; sourceTree = BUILT_PRODUCTS_DIR; };
		DBDC7E982409B345005E35CA /* ItemTableViewController.swift */ = {isa = PBXFileReference; lastKnownFileType = sourcecode.swift; path = ItemTableViewController.swift; sourceTree = "<group>"; };
		DBEF553D2476CA350078826D /* ColorAppTableViewCell.swift */ = {isa = PBXFileReference; lastKnownFileType = sourcecode.swift; path = ColorAppTableViewCell.swift; sourceTree = "<group>"; };
		DBEF553E2476CA350078826D /* ColorAppTableViewCell.xib */ = {isa = PBXFileReference; lastKnownFileType = file.xib; path = ColorAppTableViewCell.xib; sourceTree = "<group>"; };
		DBF45FF52444B0520045349E /* TabBarController.swift */ = {isa = PBXFileReference; lastKnownFileType = sourcecode.swift; path = TabBarController.swift; sourceTree = "<group>"; };
		DBF45FFF2444B7870045349E /* en */ = {isa = PBXFileReference; lastKnownFileType = text.plist.strings; name = en; path = en.lproj/Localizable.strings; sourceTree = "<group>"; };
		DBF460012444B7B60045349E /* uk */ = {isa = PBXFileReference; lastKnownFileType = text.plist.strings; name = uk; path = uk.lproj/Localizable.strings; sourceTree = "<group>"; };
		DBF460022444B8020045349E /* String+Localized.swift */ = {isa = PBXFileReference; lastKnownFileType = sourcecode.swift; path = "String+Localized.swift"; sourceTree = "<group>"; };
		DBFAB63724339C2C00108421 /* DropDown.xcodeproj */ = {isa = PBXFileReference; lastKnownFileType = "wrapper.pb-project"; name = DropDown.xcodeproj; path = "DropDown-master/DropDown.xcodeproj"; sourceTree = "<group>"; };
		DBFD8510261CDA0F00FDA7AD /* ItemCosts.swift */ = {isa = PBXFileReference; lastKnownFileType = sourcecode.swift; path = ItemCosts.swift; sourceTree = "<group>"; };
		DBFD8516261EC15300FDA7AD /* CRUD.swift */ = {isa = PBXFileReference; lastKnownFileType = sourcecode.swift; path = CRUD.swift; sourceTree = "<group>"; };
		FA0FFC93EC18F9221400C509 /* Pods-InternetShopKeeper.debug.xcconfig */ = {isa = PBXFileReference; includeInIndex = 1; lastKnownFileType = text.xcconfig; name = "Pods-InternetShopKeeper.debug.xcconfig"; path = "Target Support Files/Pods-InternetShopKeeper/Pods-InternetShopKeeper.debug.xcconfig"; sourceTree = "<group>"; };
/* End PBXFileReference section */

/* Begin PBXFrameworksBuildPhase section */
		DB599B8E24098D3A0065CA3D /* Frameworks */ = {
			isa = PBXFrameworksBuildPhase;
			buildActionMask = 2147483647;
			files = (
				A583A41087430E04CAF99FAF /* Pods_InternetShopKeeper.framework in Frameworks */,
			);
			runOnlyForDeploymentPostprocessing = 0;
		};
/* End PBXFrameworksBuildPhase section */

/* Begin PBXGroup section */
		DB0C8874242BD80C00AD4755 /* Frameworks */ = {
			isa = PBXGroup;
			children = (
				DBC933882611E428005F2052 /* AAInfographics.framework */,
				DBC933842611E422005F2052 /* DropDown.framework */,
				DBD9F3E3260E3F6100D9741A /* DropDown.framework */,
				DBD9F3E0260E3F5200D9741A /* AAInfographics.framework */,
				DBAFB6FB246C67C30009C1B1 /* AAInfographicsDemo.xcodeproj */,
				DBAFB6FA246C67750009C1B1 /* AAInfographicsDemo.entitlements */,
				DBAFB6F9246C66EC0009C1B1 /* AAInfographicsDemo */,
				DBFAB63724339C2C00108421 /* DropDown.xcodeproj */,
				DB0C8875242BD80C00AD4755 /* DropDown.framework */,
				B473DBD0A566C101D482389E /* Pods_InternetShopKeeper.framework */,
			);
			name = Frameworks;
			sourceTree = "<group>";
		};
		DB2E3B2C2448CD9A0043DD7C /* Localized */ = {
			isa = PBXGroup;
			children = (
				DBF460022444B8020045349E /* String+Localized.swift */,
				DBF460002444B7870045349E /* Localizable.strings */,
			);
			path = Localized;
			sourceTree = "<group>";
		};
		DB599B8824098D3A0065CA3D = {
			isa = PBXGroup;
			children = (
				DB599B9324098D3B0065CA3D /* InternetShopKeeper */,
				DB599B9224098D3B0065CA3D /* Products */,
				DB0C8874242BD80C00AD4755 /* Frameworks */,
				DDAFB6311E78268E51EE6578 /* Pods */,
			);
			sourceTree = "<group>";
		};
		DB599B9224098D3B0065CA3D /* Products */ = {
			isa = PBXGroup;
			children = (
				DB599B9124098D3B0065CA3D /* InternetShopKeeper.app */,
			);
			name = Products;
			sourceTree = "<group>";
		};
		DB599B9324098D3B0065CA3D /* InternetShopKeeper */ = {
			isa = PBXGroup;
			children = (
				DB599B9424098D3B0065CA3D /* AppDelegate.swift */,
				DBC7690D275E97CC00924A1D /* Models */,
				DBC76912275E992000924A1D /* Views */,
				DBC76906275E95E300924A1D /* Controllers */,
				DBC7690F275E986C00924A1D /* ViewModel */,
				DB2E3B2C2448CD9A0043DD7C /* Localized */,
				DB599B9824098D3B0065CA3D /* Main.storyboard */,
				DB599B9E24098D3B0065CA3D /* Assets.xcassets */,
				DB599BA024098D3B0065CA3D /* LaunchScreen.storyboard */,
				DB599BA324098D3B0065CA3D /* Info.plist */,
				DB599B9B24098D3B0065CA3D /* InternetShopKeeper.xcdatamodeld */,
			);
			path = InternetShopKeeper;
			sourceTree = "<group>";
		};
		DBAFB6FC246C67C30009C1B1 /* Products */ = {
			isa = PBXGroup;
			children = (
				DBAFB702246C67C30009C1B1 /* AAInfographicsDemo.app */,
				DBAFB704246C67C30009C1B1 /* AAInfographicsDemoTests.xctest */,
				DBAFB706246C67C30009C1B1 /* AAInfographicsDemoUITests.xctest */,
			);
			name = Products;
			sourceTree = "<group>";
		};
		DBC76906275E95E300924A1D /* Controllers */ = {
			isa = PBXGroup;
			children = (
				DBF45FF52444B0520045349E /* TabBarController.swift */,
				DBC76908275E96F100924A1D /* Items */,
				DBC76909275E973400924A1D /* Categories */,
				DBC7690A275E976700924A1D /* Sales */,
				DBC7690E275E982E00924A1D /* Statistics */,
				DBC7690B275E977C00924A1D /* Tools */,
				DBC7690C275E978700924A1D /* Onboarding */,
			);
			path = Controllers;
			sourceTree = "<group>";
		};
		DBC76908275E96F100924A1D /* Items */ = {
			isa = PBXGroup;
			children = (
				DB599BA924099F230065CA3D /* AddItemViewController.swift */,
				DBDC7E982409B345005E35CA /* ItemTableViewController.swift */,
			);
			path = Items;
			sourceTree = "<group>";
		};
		DBC76909275E973400924A1D /* Categories */ = {
			isa = PBXGroup;
			children = (
				DB3B46EC2416B33800A79BB0 /* AddCategoryViewController.swift */,
				DB1BFD5B2416BA3E00197229 /* CategoryTableViewController.swift */,
			);
			path = Categories;
			sourceTree = "<group>";
		};
		DBC7690A275E976700924A1D /* Sales */ = {
			isa = PBXGroup;
			children = (
				DB8AB461244C564100D5D9E9 /* SalesTableViewController.swift */,
			);
			path = Sales;
			sourceTree = "<group>";
		};
		DBC7690B275E977C00924A1D /* Tools */ = {
			isa = PBXGroup;
			children = (
				DB81E8432438CAEC0097E606 /* ToolsTableViewController.swift */,
			);
			path = Tools;
			sourceTree = "<group>";
		};
		DBC7690C275E978700924A1D /* Onboarding */ = {
			isa = PBXGroup;
			children = (
				DB7098A7243E2FA000AA4159 /* FirstLaunchPageViewController.swift */,
				DB7098A9243E316B00AA4159 /* OnboardingViewController.swift */,
				DB7098A5243E2F5300AA4159 /* FirstLaunchViewController.swift */,
			);
			path = Onboarding;
			sourceTree = "<group>";
		};
		DBC7690D275E97CC00924A1D /* Models */ = {
			isa = PBXGroup;
			children = (
				DBC76911275E98E200924A1D /* CRUD */,
				DBC76910275E98BF00924A1D /* Data */,
			);
			path = Models;
			sourceTree = "<group>";
		};
		DBC7690E275E982E00924A1D /* Statistics */ = {
			isa = PBXGroup;
			children = (
				DB934515245743A400867D72 /* StatisticTableViewController.swift */,
				DBAFB6F7246C54C50009C1B1 /* CostsViewController.swift */,
				DB2B12342470336C003E213C /* SalesViewController.swift */,
				DB06C6EA2611B82F0055AC57 /* ProfitViewController.swift */,
			);
			path = Statistics;
			sourceTree = "<group>";
		};
		DBC7690F275E986C00924A1D /* ViewModel */ = {
			isa = PBXGroup;
			children = (
				DB7098A3243E2E5D00AA4159 /* ModelFirstLaunch.swift */,
			);
			path = ViewModel;
			sourceTree = "<group>";
		};
		DBC76910275E98BF00924A1D /* Data */ = {
			isa = PBXGroup;
			children = (
				DB3F300D243B76E60021D09F /* ItemStruct.swift */,
				DBFD8510261CDA0F00FDA7AD /* ItemCosts.swift */,
				DB3F3008243B759D0021D09F /* CategoryStruct.swift */,
				DBB58BE1244DEC8D00662826 /* SalesStruct.swift */,
			);
			path = Data;
			sourceTree = "<group>";
		};
		DBC76911275E98E200924A1D /* CRUD */ = {
			isa = PBXGroup;
			children = (
				DB2DA6AA247C06E7006D2073 /* CRUDModelAppColor.swift */,
				DB4A132F244B1E0800F7A266 /* CRUDModelItem.swift */,
				DB2E3B2D2448CDE90043DD7C /* CRUDModelCategory.swift */,
				DBB58BE3244DECA700662826 /* CRUDModelSales.swift */,
				DBFD8516261EC15300FDA7AD /* CRUD.swift */,
			);
			path = CRUD;
			sourceTree = "<group>";
		};
		DBC76912275E992000924A1D /* Views */ = {
			isa = PBXGroup;
			children = (
				DB07E26C24100CE600A86645 /* ItemTableViewCell.swift */,
				DB07E26D24100CE600A86645 /* ItemTableViewCell.xib */,
				DBB58BDA244DE0D700662826 /* SalesTableViewCell.swift */,
				DBB58BDB244DE0D700662826 /* SalesTableViewCell.xib */,
				DBEF553D2476CA350078826D /* ColorAppTableViewCell.swift */,
				DBEF553E2476CA350078826D /* ColorAppTableViewCell.xib */,
			);
			path = Views;
			sourceTree = "<group>";
		};
		DBFAB63824339C2C00108421 /* Products */ = {
			isa = PBXGroup;
			children = (
				DBFAB63E24339C2C00108421 /* Demo.app */,
				DBFAB64024339C2C00108421 /* DropDownTests.xctest */,
				DBFAB64224339C2C00108421 /* DropDown.framework */,
			);
			name = Products;
			sourceTree = "<group>";
		};
		DDAFB6311E78268E51EE6578 /* Pods */ = {
			isa = PBXGroup;
			children = (
				FA0FFC93EC18F9221400C509 /* Pods-InternetShopKeeper.debug.xcconfig */,
				B2C0982B72AF1F8E05390CA5 /* Pods-InternetShopKeeper.release.xcconfig */,
			);
			path = Pods;
			sourceTree = "<group>";
		};
/* End PBXGroup section */

/* Begin PBXNativeTarget section */
		DB599B9024098D3A0065CA3D /* InternetShopKeeper */ = {
			isa = PBXNativeTarget;
			buildConfigurationList = DB599BA624098D3B0065CA3D /* Build configuration list for PBXNativeTarget "InternetShopKeeper" */;
			buildPhases = (
				340431A74C6F6FFEEA911B37 /* [CP] Check Pods Manifest.lock */,
				DB599B8D24098D3A0065CA3D /* Sources */,
				DB599B8E24098D3A0065CA3D /* Frameworks */,
				DB599B8F24098D3A0065CA3D /* Resources */,
				51229012429B4372EE121671 /* [CP] Embed Pods Frameworks */,
			);
			buildRules = (
			);
			dependencies = (
			);
			name = InternetShopKeeper;
			productName = InternetShopKeeper;
			productReference = DB599B9124098D3B0065CA3D /* InternetShopKeeper.app */;
			productType = "com.apple.product-type.application";
		};
/* End PBXNativeTarget section */

/* Begin PBXProject section */
		DB599B8924098D3A0065CA3D /* Project object */ = {
			isa = PBXProject;
			attributes = {
				LastSwiftUpdateCheck = 0920;
				LastUpgradeCheck = 1240;
				ORGANIZATIONNAME = "Oleksandr Solokha";
				TargetAttributes = {
					DB599B9024098D3A0065CA3D = {
						CreatedOnToolsVersion = 9.2;
						ProvisioningStyle = Automatic;
					};
				};
			};
			buildConfigurationList = DB599B8C24098D3A0065CA3D /* Build configuration list for PBXProject "InternetShopKeeper" */;
			compatibilityVersion = "Xcode 11.0";
			developmentRegion = en;
			hasScannedForEncodings = 0;
			knownRegions = (
				en,
				Base,
				uk,
			);
			mainGroup = DB599B8824098D3A0065CA3D;
			productRefGroup = DB599B9224098D3B0065CA3D /* Products */;
			projectDirPath = "";
			projectReferences = (
				{
					ProductGroup = DBAFB6FC246C67C30009C1B1 /* Products */;
					ProjectRef = DBAFB6FB246C67C30009C1B1 /* AAInfographicsDemo.xcodeproj */;
				},
				{
					ProductGroup = DBFAB63824339C2C00108421 /* Products */;
					ProjectRef = DBFAB63724339C2C00108421 /* DropDown.xcodeproj */;
				},
			);
			projectRoot = "";
			targets = (
				DB599B9024098D3A0065CA3D /* InternetShopKeeper */,
			);
		};
/* End PBXProject section */

/* Begin PBXReferenceProxy section */
		DBAFB702246C67C30009C1B1 /* AAInfographicsDemo.app */ = {
			isa = PBXReferenceProxy;
			fileType = wrapper.application;
			path = AAInfographicsDemo.app;
			remoteRef = DBAFB701246C67C30009C1B1 /* PBXContainerItemProxy */;
			sourceTree = BUILT_PRODUCTS_DIR;
		};
		DBAFB704246C67C30009C1B1 /* AAInfographicsDemoTests.xctest */ = {
			isa = PBXReferenceProxy;
			fileType = wrapper.cfbundle;
			path = AAInfographicsDemoTests.xctest;
			remoteRef = DBAFB703246C67C30009C1B1 /* PBXContainerItemProxy */;
			sourceTree = BUILT_PRODUCTS_DIR;
		};
		DBAFB706246C67C30009C1B1 /* AAInfographicsDemoUITests.xctest */ = {
			isa = PBXReferenceProxy;
			fileType = wrapper.cfbundle;
			path = AAInfographicsDemoUITests.xctest;
			remoteRef = DBAFB705246C67C30009C1B1 /* PBXContainerItemProxy */;
			sourceTree = BUILT_PRODUCTS_DIR;
		};
		DBFAB63E24339C2C00108421 /* Demo.app */ = {
			isa = PBXReferenceProxy;
			fileType = wrapper.application;
			path = Demo.app;
			remoteRef = DBFAB63D24339C2C00108421 /* PBXContainerItemProxy */;
			sourceTree = BUILT_PRODUCTS_DIR;
		};
		DBFAB64024339C2C00108421 /* DropDownTests.xctest */ = {
			isa = PBXReferenceProxy;
			fileType = wrapper.cfbundle;
			path = DropDownTests.xctest;
			remoteRef = DBFAB63F24339C2C00108421 /* PBXContainerItemProxy */;
			sourceTree = BUILT_PRODUCTS_DIR;
		};
		DBFAB64224339C2C00108421 /* DropDown.framework */ = {
			isa = PBXReferenceProxy;
			fileType = wrapper.framework;
			path = DropDown.framework;
			remoteRef = DBFAB64124339C2C00108421 /* PBXContainerItemProxy */;
			sourceTree = BUILT_PRODUCTS_DIR;
		};
/* End PBXReferenceProxy section */

/* Begin PBXResourcesBuildPhase section */
		DB599B8F24098D3A0065CA3D /* Resources */ = {
			isa = PBXResourcesBuildPhase;
			buildActionMask = 2147483647;
			files = (
				DBEF55402476CA350078826D /* ColorAppTableViewCell.xib in Resources */,
				DBF45FFE2444B7870045349E /* Localizable.strings in Resources */,
				DB07E26F24100CE600A86645 /* ItemTableViewCell.xib in Resources */,
				DBB58BDD244DE0D800662826 /* SalesTableViewCell.xib in Resources */,
				DB599BA224098D3B0065CA3D /* LaunchScreen.storyboard in Resources */,
				DBAFB707246C67E50009C1B1 /* AAInfographicsDemo.app in Resources */,
				DB599B9F24098D3B0065CA3D /* Assets.xcassets in Resources */,
				DB599B9A24098D3B0065CA3D /* Main.storyboard in Resources */,
			);
			runOnlyForDeploymentPostprocessing = 0;
		};
/* End PBXResourcesBuildPhase section */

/* Begin PBXShellScriptBuildPhase section */
		340431A74C6F6FFEEA911B37 /* [CP] Check Pods Manifest.lock */ = {
			isa = PBXShellScriptBuildPhase;
			buildActionMask = 2147483647;
			files = (
			);
			inputFileListPaths = (
			);
			inputPaths = (
				"${PODS_PODFILE_DIR_PATH}/Podfile.lock",
				"${PODS_ROOT}/Manifest.lock",
			);
			name = "[CP] Check Pods Manifest.lock";
			outputFileListPaths = (
			);
			outputPaths = (
				"$(DERIVED_FILE_DIR)/Pods-InternetShopKeeper-checkManifestLockResult.txt",
			);
			runOnlyForDeploymentPostprocessing = 0;
			shellPath = /bin/sh;
			shellScript = "diff \"${PODS_PODFILE_DIR_PATH}/Podfile.lock\" \"${PODS_ROOT}/Manifest.lock\" > /dev/null\nif [ $? != 0 ] ; then\n    # print error to STDERR\n    echo \"error: The sandbox is not in sync with the Podfile.lock. Run 'pod install' or update your CocoaPods installation.\" >&2\n    exit 1\nfi\n# This output is used by Xcode 'outputs' to avoid re-running this script phase.\necho \"SUCCESS\" > \"${SCRIPT_OUTPUT_FILE_0}\"\n";
			showEnvVarsInLog = 0;
		};
		51229012429B4372EE121671 /* [CP] Embed Pods Frameworks */ = {
			isa = PBXShellScriptBuildPhase;
			buildActionMask = 2147483647;
			files = (
			);
			inputFileListPaths = (
				"${PODS_ROOT}/Target Support Files/Pods-InternetShopKeeper/Pods-InternetShopKeeper-frameworks-${CONFIGURATION}-input-files.xcfilelist",
			);
			name = "[CP] Embed Pods Frameworks";
			outputFileListPaths = (
				"${PODS_ROOT}/Target Support Files/Pods-InternetShopKeeper/Pods-InternetShopKeeper-frameworks-${CONFIGURATION}-output-files.xcfilelist",
			);
			runOnlyForDeploymentPostprocessing = 0;
			shellPath = /bin/sh;
			shellScript = "\"${PODS_ROOT}/Target Support Files/Pods-InternetShopKeeper/Pods-InternetShopKeeper-frameworks.sh\"\n";
			showEnvVarsInLog = 0;
		};
/* End PBXShellScriptBuildPhase section */

/* Begin PBXSourcesBuildPhase section */
		DB599B8D24098D3A0065CA3D /* Sources */ = {
			isa = PBXSourcesBuildPhase;
			buildActionMask = 2147483647;
			files = (
				DB7098A8243E2FA000AA4159 /* FirstLaunchPageViewController.swift in Sources */,
				DBF45FF62444B0520045349E /* TabBarController.swift in Sources */,
				DB7098A6243E2F5300AA4159 /* FirstLaunchViewController.swift in Sources */,
				DB2B12352470336C003E213C /* SalesViewController.swift in Sources */,
				DB81E8442438CAEC0097E606 /* ToolsTableViewController.swift in Sources */,
				DB07E26E24100CE600A86645 /* ItemTableViewCell.swift in Sources */,
				DBB58BE2244DEC8D00662826 /* SalesStruct.swift in Sources */,
				DB3F3009243B759D0021D09F /* CategoryStruct.swift in Sources */,
				DBAFB6F8246C54C50009C1B1 /* CostsViewController.swift in Sources */,
				DB2DA6AB247C06E7006D2073 /* CRUDModelAppColor.swift in Sources */,
				DBDC7E992409B345005E35CA /* ItemTableViewController.swift in Sources */,
				DB1BFD5C2416BA3E00197229 /* CategoryTableViewController.swift in Sources */,
				DBFD8511261CDA0F00FDA7AD /* ItemCosts.swift in Sources */,
				DB599BAA24099F230065CA3D /* AddItemViewController.swift in Sources */,
				DB599B9524098D3B0065CA3D /* AppDelegate.swift in Sources */,
				DBB58BDC244DE0D700662826 /* SalesTableViewCell.swift in Sources */,
				DB934516245743A400867D72 /* StatisticTableViewController.swift in Sources */,
				DBB58BE4244DECA700662826 /* CRUDModelSales.swift in Sources */,
				DB4A1330244B1E0800F7A266 /* CRUDModelItem.swift in Sources */,
				DB3B46ED2416B33800A79BB0 /* AddCategoryViewController.swift in Sources */,
				DBF460032444B8020045349E /* String+Localized.swift in Sources */,
				DB06C6EB2611B82F0055AC57 /* ProfitViewController.swift in Sources */,
				DBEF553F2476CA350078826D /* ColorAppTableViewCell.swift in Sources */,
				DB7098A4243E2E5D00AA4159 /* ModelFirstLaunch.swift in Sources */,
				DB7098AA243E316B00AA4159 /* OnboardingViewController.swift in Sources */,
				DB3F300E243B76E60021D09F /* ItemStruct.swift in Sources */,
				DB8AB462244C564100D5D9E9 /* SalesTableViewController.swift in Sources */,
				DB599B9D24098D3B0065CA3D /* InternetShopKeeper.xcdatamodeld in Sources */,
				DB2E3B2E2448CDE90043DD7C /* CRUDModelCategory.swift in Sources */,
				DBFD8517261EC15300FDA7AD /* CRUD.swift in Sources */,
			);
			runOnlyForDeploymentPostprocessing = 0;
		};
/* End PBXSourcesBuildPhase section */

/* Begin PBXVariantGroup section */
		DB599B9824098D3B0065CA3D /* Main.storyboard */ = {
			isa = PBXVariantGroup;
			children = (
				DB599B9924098D3B0065CA3D /* Base */,
			);
			name = Main.storyboard;
			sourceTree = "<group>";
		};
		DB599BA024098D3B0065CA3D /* LaunchScreen.storyboard */ = {
			isa = PBXVariantGroup;
			children = (
				DB599BA124098D3B0065CA3D /* Base */,
			);
			name = LaunchScreen.storyboard;
			sourceTree = "<group>";
		};
		DBF460002444B7870045349E /* Localizable.strings */ = {
			isa = PBXVariantGroup;
			children = (
				DBF45FFF2444B7870045349E /* en */,
				DBF460012444B7B60045349E /* uk */,
			);
			name = Localizable.strings;
			sourceTree = "<group>";
		};
/* End PBXVariantGroup section */

/* Begin XCBuildConfiguration section */
		DB599BA424098D3B0065CA3D /* Debug */ = {
			isa = XCBuildConfiguration;
			buildSettings = {
				ALWAYS_SEARCH_USER_PATHS = NO;
				CLANG_ANALYZER_LOCALIZABILITY_NONLOCALIZED = YES;
				CLANG_ANALYZER_NONNULL = YES;
				CLANG_ANALYZER_NUMBER_OBJECT_CONVERSION = YES_AGGRESSIVE;
				CLANG_CXX_LANGUAGE_STANDARD = "gnu++14";
				CLANG_CXX_LIBRARY = "libc++";
				CLANG_ENABLE_MODULES = YES;
				CLANG_ENABLE_OBJC_ARC = YES;
				CLANG_WARN_BLOCK_CAPTURE_AUTORELEASING = YES;
				CLANG_WARN_BOOL_CONVERSION = YES;
				CLANG_WARN_COMMA = YES;
				CLANG_WARN_CONSTANT_CONVERSION = YES;
				CLANG_WARN_DEPRECATED_OBJC_IMPLEMENTATIONS = YES;
				CLANG_WARN_DIRECT_OBJC_ISA_USAGE = YES_ERROR;
				CLANG_WARN_DOCUMENTATION_COMMENTS = YES;
				CLANG_WARN_EMPTY_BODY = YES;
				CLANG_WARN_ENUM_CONVERSION = YES;
				CLANG_WARN_INFINITE_RECURSION = YES;
				CLANG_WARN_INT_CONVERSION = YES;
				CLANG_WARN_NON_LITERAL_NULL_CONVERSION = YES;
				CLANG_WARN_OBJC_IMPLICIT_RETAIN_SELF = YES;
				CLANG_WARN_OBJC_LITERAL_CONVERSION = YES;
				CLANG_WARN_OBJC_ROOT_CLASS = YES_ERROR;
				CLANG_WARN_QUOTED_INCLUDE_IN_FRAMEWORK_HEADER = YES;
				CLANG_WARN_RANGE_LOOP_ANALYSIS = YES;
				CLANG_WARN_STRICT_PROTOTYPES = YES;
				CLANG_WARN_SUSPICIOUS_MOVE = YES;
				CLANG_WARN_UNGUARDED_AVAILABILITY = YES_AGGRESSIVE;
				CLANG_WARN_UNREACHABLE_CODE = YES;
				CLANG_WARN__DUPLICATE_METHOD_MATCH = YES;
				CODE_SIGN_IDENTITY = "iPhone Developer";
				COPY_PHASE_STRIP = NO;
				DEBUG_INFORMATION_FORMAT = dwarf;
				ENABLE_STRICT_OBJC_MSGSEND = YES;
				ENABLE_TESTABILITY = YES;
				GCC_C_LANGUAGE_STANDARD = gnu11;
				GCC_DYNAMIC_NO_PIC = NO;
				GCC_NO_COMMON_BLOCKS = YES;
				GCC_OPTIMIZATION_LEVEL = 0;
				GCC_PREPROCESSOR_DEFINITIONS = (
					"DEBUG=1",
					"$(inherited)",
				);
				GCC_WARN_64_TO_32_BIT_CONVERSION = YES;
				GCC_WARN_ABOUT_RETURN_TYPE = YES_ERROR;
				GCC_WARN_UNDECLARED_SELECTOR = YES;
				GCC_WARN_UNINITIALIZED_AUTOS = YES_AGGRESSIVE;
				GCC_WARN_UNUSED_FUNCTION = YES;
				GCC_WARN_UNUSED_VARIABLE = YES;
				IPHONEOS_DEPLOYMENT_TARGET = 14.4;
				MTL_ENABLE_DEBUG_INFO = YES;
				ONLY_ACTIVE_ARCH = YES;
				SDKROOT = iphoneos;
				SWIFT_ACTIVE_COMPILATION_CONDITIONS = DEBUG;
				SWIFT_OPTIMIZATION_LEVEL = "-Onone";
			};
			name = Debug;
		};
		DB599BA524098D3B0065CA3D /* Release */ = {
			isa = XCBuildConfiguration;
			buildSettings = {
				ALWAYS_SEARCH_USER_PATHS = NO;
				CLANG_ANALYZER_LOCALIZABILITY_NONLOCALIZED = YES;
				CLANG_ANALYZER_NONNULL = YES;
				CLANG_ANALYZER_NUMBER_OBJECT_CONVERSION = YES_AGGRESSIVE;
				CLANG_CXX_LANGUAGE_STANDARD = "gnu++14";
				CLANG_CXX_LIBRARY = "libc++";
				CLANG_ENABLE_MODULES = YES;
				CLANG_ENABLE_OBJC_ARC = YES;
				CLANG_WARN_BLOCK_CAPTURE_AUTORELEASING = YES;
				CLANG_WARN_BOOL_CONVERSION = YES;
				CLANG_WARN_COMMA = YES;
				CLANG_WARN_CONSTANT_CONVERSION = YES;
				CLANG_WARN_DEPRECATED_OBJC_IMPLEMENTATIONS = YES;
				CLANG_WARN_DIRECT_OBJC_ISA_USAGE = YES_ERROR;
				CLANG_WARN_DOCUMENTATION_COMMENTS = YES;
				CLANG_WARN_EMPTY_BODY = YES;
				CLANG_WARN_ENUM_CONVERSION = YES;
				CLANG_WARN_INFINITE_RECURSION = YES;
				CLANG_WARN_INT_CONVERSION = YES;
				CLANG_WARN_NON_LITERAL_NULL_CONVERSION = YES;
				CLANG_WARN_OBJC_IMPLICIT_RETAIN_SELF = YES;
				CLANG_WARN_OBJC_LITERAL_CONVERSION = YES;
				CLANG_WARN_OBJC_ROOT_CLASS = YES_ERROR;
				CLANG_WARN_QUOTED_INCLUDE_IN_FRAMEWORK_HEADER = YES;
				CLANG_WARN_RANGE_LOOP_ANALYSIS = YES;
				CLANG_WARN_STRICT_PROTOTYPES = YES;
				CLANG_WARN_SUSPICIOUS_MOVE = YES;
				CLANG_WARN_UNGUARDED_AVAILABILITY = YES_AGGRESSIVE;
				CLANG_WARN_UNREACHABLE_CODE = YES;
				CLANG_WARN__DUPLICATE_METHOD_MATCH = YES;
				CODE_SIGN_IDENTITY = "iPhone Developer";
				COPY_PHASE_STRIP = NO;
				DEBUG_INFORMATION_FORMAT = "dwarf-with-dsym";
				ENABLE_NS_ASSERTIONS = NO;
				ENABLE_STRICT_OBJC_MSGSEND = YES;
				GCC_C_LANGUAGE_STANDARD = gnu11;
				GCC_NO_COMMON_BLOCKS = YES;
				GCC_WARN_64_TO_32_BIT_CONVERSION = YES;
				GCC_WARN_ABOUT_RETURN_TYPE = YES_ERROR;
				GCC_WARN_UNDECLARED_SELECTOR = YES;
				GCC_WARN_UNINITIALIZED_AUTOS = YES_AGGRESSIVE;
				GCC_WARN_UNUSED_FUNCTION = YES;
				GCC_WARN_UNUSED_VARIABLE = YES;
				IPHONEOS_DEPLOYMENT_TARGET = 14.4;
				MTL_ENABLE_DEBUG_INFO = NO;
				SDKROOT = iphoneos;
				SWIFT_COMPILATION_MODE = wholemodule;
				SWIFT_OPTIMIZATION_LEVEL = "-O";
				VALIDATE_PRODUCT = YES;
			};
			name = Release;
		};
		DB599BA724098D3B0065CA3D /* Debug */ = {
			isa = XCBuildConfiguration;
			baseConfigurationReference = FA0FFC93EC18F9221400C509 /* Pods-InternetShopKeeper.debug.xcconfig */;
			buildSettings = {
				ASSETCATALOG_COMPILER_APPICON_NAME = AppIcon;
				CODE_SIGN_STYLE = Automatic;
				DEVELOPMENT_TEAM = X8NNCQ3HW6;
				INFOPLIST_FILE = InternetShopKeeper/Info.plist;
				IPHONEOS_DEPLOYMENT_TARGET = 14.4;
				LD_RUNPATH_SEARCH_PATHS = (
					"$(inherited)",
					"@executable_path/Frameworks",
				);
				PRODUCT_BUNDLE_IDENTIFIER = OleksandrSolokha.InternetShopKeeper;
				PRODUCT_NAME = "$(TARGET_NAME)";
				SWIFT_VERSION = 5.0;
				TARGETED_DEVICE_FAMILY = 1;
			};
			name = Debug;
		};
		DB599BA824098D3B0065CA3D /* Release */ = {
			isa = XCBuildConfiguration;
			baseConfigurationReference = B2C0982B72AF1F8E05390CA5 /* Pods-InternetShopKeeper.release.xcconfig */;
			buildSettings = {
				ASSETCATALOG_COMPILER_APPICON_NAME = AppIcon;
				CODE_SIGN_STYLE = Automatic;
				DEVELOPMENT_TEAM = X8NNCQ3HW6;
				INFOPLIST_FILE = InternetShopKeeper/Info.plist;
				IPHONEOS_DEPLOYMENT_TARGET = 14.4;
				LD_RUNPATH_SEARCH_PATHS = (
					"$(inherited)",
					"@executable_path/Frameworks",
				);
				PRODUCT_BUNDLE_IDENTIFIER = OleksandrSolokha.InternetShopKeeper;
				PRODUCT_NAME = "$(TARGET_NAME)";
				SWIFT_VERSION = 5.0;
				TARGETED_DEVICE_FAMILY = 1;
			};
			name = Release;
		};
/* End XCBuildConfiguration section */

/* Begin XCConfigurationList section */
		DB599B8C24098D3A0065CA3D /* Build configuration list for PBXProject "InternetShopKeeper" */ = {
			isa = XCConfigurationList;
			buildConfigurations = (
				DB599BA424098D3B0065CA3D /* Debug */,
				DB599BA524098D3B0065CA3D /* Release */,
			);
			defaultConfigurationIsVisible = 0;
			defaultConfigurationName = Release;
		};
		DB599BA624098D3B0065CA3D /* Build configuration list for PBXNativeTarget "InternetShopKeeper" */ = {
			isa = XCConfigurationList;
			buildConfigurations = (
				DB599BA724098D3B0065CA3D /* Debug */,
				DB599BA824098D3B0065CA3D /* Release */,
			);
			defaultConfigurationIsVisible = 0;
			defaultConfigurationName = Release;
		};
/* End XCConfigurationList section */

/* Begin XCVersionGroup section */
		DB599B9B24098D3B0065CA3D /* InternetShopKeeper.xcdatamodeld */ = {
			isa = XCVersionGroup;
			children = (
				DB599B9C24098D3B0065CA3D /* InternetShopKeeper.xcdatamodel */,
			);
			currentVersion = DB599B9C24098D3B0065CA3D /* InternetShopKeeper.xcdatamodel */;
			path = InternetShopKeeper.xcdatamodeld;
			sourceTree = "<group>";
			versionGroupType = wrapper.xcdatamodel;
		};
/* End XCVersionGroup section */
	};
	rootObject = DB599B8924098D3A0065CA3D /* Project object */;
}
